// !$*UTF8*$!
{
	archiveVersion = 1;
	classes = {
	};
	objectVersion = 46;
	objects = {

/* Begin PBXBuildFile section */
		90DC0D66A2ED385893C02E29 /* libPods-ChatDemoApp.a in Frameworks */ = {isa = PBXBuildFile; fileRef = BE07D7CB35D225B6FB24E1D2 /* libPods-ChatDemoApp.a */; };
		B7005C1F1E5FE62F003A56D3 /* LocationViewController.m in Sources */ = {isa = PBXBuildFile; fileRef = B7005C1E1E5FE62E003A56D3 /* LocationViewController.m */; };
		B70AE66A1E2F1EC600554038 /* AppDelegateObjectFile.m in Sources */ = {isa = PBXBuildFile; fileRef = B70AE6691E2F1EC600554038 /* AppDelegateObjectFile.m */; };
		B70BF22E1E81227D005C5B03 /* MyButton.m in Sources */ = {isa = PBXBuildFile; fileRef = B70BF22D1E81227D005C5B03 /* MyButton.m */; };
		B70FC3001E6EB6C100292950 /* groupPlaceholderImage.png in Resources */ = {isa = PBXBuildFile; fileRef = B70FC2FF1E6EB6C100292950 /* groupPlaceholderImage.png */; };
		B70FC3031E6EB8BE00292950 /* XMPPGroupChatRoom.m in Sources */ = {isa = PBXBuildFile; fileRef = B70FC3021E6EB8BE00292950 /* XMPPGroupChatRoom.m */; };
		B70FC3061E6EB8DD00292950 /* GroupChatViewController.m in Sources */ = {isa = PBXBuildFile; fileRef = B70FC3051E6EB8DD00292950 /* GroupChatViewController.m */; };
		B70FC3091E6EB8EB00292950 /* GroupInvitationViewController.m in Sources */ = {isa = PBXBuildFile; fileRef = B70FC3081E6EB8EB00292950 /* GroupInvitationViewController.m */; };
		B70FC30D1E6EB8FF00292950 /* GroupChatFormViewController.m in Sources */ = {isa = PBXBuildFile; fileRef = B70FC30C1E6EB8FF00292950 /* GroupChatFormViewController.m */; };
		B7131E5D1E52DA3A00A435A3 /* ChatScreenTableViewCell.m in Sources */ = {isa = PBXBuildFile; fileRef = B7131E5C1E52DA3A00A435A3 /* ChatScreenTableViewCell.m */; };
		B715A0B91E5E9BE100B36D16 /* SettingViewController.m in Sources */ = {isa = PBXBuildFile; fileRef = B715A0B81E5E9BE000B36D16 /* SettingViewController.m */; };
		B715A0BE1E5E9F7700B36D16 /* SettingTableViewCell.m in Sources */ = {isa = PBXBuildFile; fileRef = B715A0BD1E5E9F7700B36D16 /* SettingTableViewCell.m */; };
		B715A0C31E5EB55300B36D16 /* DocumentAttachmentViewController.m in Sources */ = {isa = PBXBuildFile; fileRef = B715A0C21E5EB55300B36D16 /* DocumentAttachmentViewController.m */; };
		B715A0C81E5EF47E00B36D16 /* pdf_placeholder.png in Resources */ = {isa = PBXBuildFile; fileRef = B715A0C71E5EF47E00B36D16 /* pdf_placeholder.png */; };
		B71B73CD1E542BC600D57E7D /* SendImageViewController.m in Sources */ = {isa = PBXBuildFile; fileRef = B71B73CC1E542BC600D57E7D /* SendImageViewController.m */; };
		B72D4EEE1E8D36E500D22E67 /* Reachability.m in Sources */ = {isa = PBXBuildFile; fileRef = B72D4EED1E8D36E500D22E67 /* Reachability.m */; };
		B72DD0781E5DAC0A0017C488 /* EditUserStatusViewController.m in Sources */ = {isa = PBXBuildFile; fileRef = B72DD0771E5DAC0A0017C488 /* EditUserStatusViewController.m */; };
		B738ED431E6FFF99001AC7F5 /* GroupInvideTableViewCell.m in Sources */ = {isa = PBXBuildFile; fileRef = B738ED421E6FFF99001AC7F5 /* GroupInvideTableViewCell.m */; };
		B745F8291E234D55001119BD /* main.m in Sources */ = {isa = PBXBuildFile; fileRef = B745F8281E234D55001119BD /* main.m */; };
		B745F82C1E234D55001119BD /* AppDelegate.m in Sources */ = {isa = PBXBuildFile; fileRef = B745F82B1E234D55001119BD /* AppDelegate.m */; };
		B745F82F1E234D55001119BD /* ViewController.m in Sources */ = {isa = PBXBuildFile; fileRef = B745F82E1E234D55001119BD /* ViewController.m */; };
		B745F8321E234D55001119BD /* Main.storyboard in Resources */ = {isa = PBXBuildFile; fileRef = B745F8301E234D55001119BD /* Main.storyboard */; };
		B745F8341E234D55001119BD /* Assets.xcassets in Resources */ = {isa = PBXBuildFile; fileRef = B745F8331E234D55001119BD /* Assets.xcassets */; };
		B745F8461E2351F1001119BD /* RegisterViewController.m in Sources */ = {isa = PBXBuildFile; fileRef = B745F8451E2351F1001119BD /* RegisterViewController.m */; };
		B745F8491E2351FF001119BD /* DashboardViewController.m in Sources */ = {isa = PBXBuildFile; fileRef = B745F8481E2351FF001119BD /* DashboardViewController.m */; };
		B745F8561E2353DD001119BD /* UserDefaultManager.m in Sources */ = {isa = PBXBuildFile; fileRef = B745F8551E2353DD001119BD /* UserDefaultManager.m */; };
		B745F85A1E235435001119BD /* BSKeyboardControls.m in Sources */ = {isa = PBXBuildFile; fileRef = B745F8591E235435001119BD /* BSKeyboardControls.m */; };
		B745F85E1E2354B8001119BD /* UITextField+Validations.m in Sources */ = {isa = PBXBuildFile; fileRef = B745F85D1E2354B8001119BD /* UITextField+Validations.m */; };
		B745F8691E23596D001119BD /* HMSegmentedControl.m in Sources */ = {isa = PBXBuildFile; fileRef = B745F8681E23596D001119BD /* HMSegmentedControl.m */; };
		B75126E01E30745000495348 /* LoginXMPP.m in Sources */ = {isa = PBXBuildFile; fileRef = B75126DF1E30745000495348 /* LoginXMPP.m */; };
		B75792581E42E22300AC48D0 /* UserProfileViewController.m in Sources */ = {isa = PBXBuildFile; fileRef = B75792571E42E22300AC48D0 /* UserProfileViewController.m */; };
		B757925B1E42E23800AC48D0 /* XmppProfileView.m in Sources */ = {isa = PBXBuildFile; fileRef = B757925A1E42E23800AC48D0 /* XmppProfileView.m */; };
		B757925E1E43289300AC48D0 /* EditProfileViewController.m in Sources */ = {isa = PBXBuildFile; fileRef = B757925D1E43289300AC48D0 /* EditProfileViewController.m */; };
		B75BC5761E3F60A500E5F780 /* XmppStorageModel.xcdatamodeld in Sources */ = {isa = PBXBuildFile; fileRef = B75BC5741E3F60A500E5F780 /* XmppStorageModel.xcdatamodeld */; };
		B75BC5781E3F620500E5F780 /* CoreData.framework in Frameworks */ = {isa = PBXBuildFile; fileRef = B75BC5771E3F620500E5F780 /* CoreData.framework */; };
		B75E7EF61E5BF1E600634A68 /* XmppCoreDataHandler.m in Sources */ = {isa = PBXBuildFile; fileRef = B75E7EF51E5BF1E600634A68 /* XmppCoreDataHandler.m */; };
		B76F75E91E40ABD8001FE579 /* DashboardXMPP.m in Sources */ = {isa = PBXBuildFile; fileRef = B76F75E81E40ABD8001FE579 /* DashboardXMPP.m */; };
		B770B8B51E8E272C0008563A /* Internet.m in Sources */ = {isa = PBXBuildFile; fileRef = B770B8B41E8E272C0008563A /* Internet.m */; };
		B770B8B91E8E2F0A0008563A /* iToast.m in Sources */ = {isa = PBXBuildFile; fileRef = B770B8B81E8E2F0A0008563A /* iToast.m */; };
		B77DB0E71E7FE90F00D0259C /* alreadyAdded.png in Resources */ = {isa = PBXBuildFile; fileRef = B77DB0E61E7FE90F00D0259C /* alreadyAdded.png */; };
		B77DFFDF1E4C2E2100921126 /* ChatScreenViewController.m in Sources */ = {isa = PBXBuildFile; fileRef = B77DFFDE1E4C2E2100921126 /* ChatScreenViewController.m */; };
		B77DFFE21E4C2E3100921126 /* XMPPChatView.m in Sources */ = {isa = PBXBuildFile; fileRef = B77DFFE11E4C2E3100921126 /* XMPPChatView.m */; };
		B77DFFE81E4C2F3200921126 /* UIPlaceHolderTextView.m in Sources */ = {isa = PBXBuildFile; fileRef = B77DFFE71E4C2F3200921126 /* UIPlaceHolderTextView.m */; };
		B77DFFEC1E4C32B500921126 /* XMPPFileTransfer.m in Sources */ = {isa = PBXBuildFile; fileRef = B77DFFEB1E4C32B500921126 /* XMPPFileTransfer.m */; };
		B77DFFF31E4C32C500921126 /* XMPPIncomingFileTransfer.m in Sources */ = {isa = PBXBuildFile; fileRef = B77DFFEE1E4C32C500921126 /* XMPPIncomingFileTransfer.m */; };
		B77DFFF41E4C32C500921126 /* XMPPNamespaces.m in Sources */ = {isa = PBXBuildFile; fileRef = B77DFFF01E4C32C500921126 /* XMPPNamespaces.m */; };
		B77DFFF51E4C32C500921126 /* XMPPOutgoingFileTransfer.m in Sources */ = {isa = PBXBuildFile; fileRef = B77DFFF21E4C32C500921126 /* XMPPOutgoingFileTransfer.m */; };
		B77DFFF71E4C433C00921126 /* arrow_down@3x.png in Resources */ = {isa = PBXBuildFile; fileRef = B77DFFF61E4C433C00921126 /* arrow_down@3x.png */; };
		B77DFFF91E4C72D200921126 /* a.pdf in Resources */ = {isa = PBXBuildFile; fileRef = B77DFFF81E4C72D200921126 /* a.pdf */; };
		B77EE6391E4DE73200A38ADD /* CustomFilterViewController.m in Sources */ = {isa = PBXBuildFile; fileRef = B77EE6381E4DE73200A38ADD /* CustomFilterViewController.m */; };
		B780E9F71E2F6E1A00437B4E /* ErrorCode.m in Sources */ = {isa = PBXBuildFile; fileRef = B780E9F61E2F6E1A00437B4E /* ErrorCode.m */; };
		B780E9F91E2F9FC200437B4E /* ReadMe.rtf in Resources */ = {isa = PBXBuildFile; fileRef = B780E9F81E2F9FC200437B4E /* ReadMe.rtf */; };
		B79353D61E28B28800E7EEB8 /* Security.framework in Frameworks */ = {isa = PBXBuildFile; fileRef = B79353D51E28B28800E7EEB8 /* Security.framework */; };
		B79353D81E28B28E00E7EEB8 /* CFNetwork.framework in Frameworks */ = {isa = PBXBuildFile; fileRef = B79353D71E28B28E00E7EEB8 /* CFNetwork.framework */; };
		B79353DA1E28B29500E7EEB8 /* SystemConfiguration.framework in Frameworks */ = {isa = PBXBuildFile; fileRef = B79353D91E28B29500E7EEB8 /* SystemConfiguration.framework */; };
		B79CA2581E30B91A007CDB23 /* images.png in Resources */ = {isa = PBXBuildFile; fileRef = B79CA2571E30B91A007CDB23 /* images.png */; };
		B79CA25E1E30BCFC007CDB23 /* XMPPUserDefaultManager.m in Sources */ = {isa = PBXBuildFile; fileRef = B79CA25D1E30BCFC007CDB23 /* XMPPUserDefaultManager.m */; };
		B7A7566A1E838E38004945F5 /* GroupChatTableViewCell.m in Sources */ = {isa = PBXBuildFile; fileRef = B7A756691E838E38004945F5 /* GroupChatTableViewCell.m */; };
		B7A7A9A01E2F64060027D2B6 /* RegisterXMPP.m in Sources */ = {isa = PBXBuildFile; fileRef = B7A7A99F1E2F64060027D2B6 /* RegisterXMPP.m */; };
		B7B9A5661E23B17A00DB4429 /* MMMaterialDesignSpinner.m in Sources */ = {isa = PBXBuildFile; fileRef = B7B9A5651E23B17A00DB4429 /* MMMaterialDesignSpinner.m */; };
		B7C25C881E63F61100CD7270 /* locationPlaceholder.jpg in Resources */ = {isa = PBXBuildFile; fileRef = B7C25C871E63F61100CD7270 /* locationPlaceholder.jpg */; };
		B7E0D99D1E4048C500397393 /* RegistrationProcess.rtf in Resources */ = {isa = PBXBuildFile; fileRef = B7E0D99C1E4048C500397393 /* RegistrationProcess.rtf */; };
/* End PBXBuildFile section */

/* Begin PBXFileReference section */
		B7005C1D1E5FE62E003A56D3 /* LocationViewController.h */ = {isa = PBXFileReference; fileEncoding = 4; lastKnownFileType = sourcecode.c.h; path = LocationViewController.h; sourceTree = "<group>"; };
		B7005C1E1E5FE62E003A56D3 /* LocationViewController.m */ = {isa = PBXFileReference; fileEncoding = 4; lastKnownFileType = sourcecode.c.objc; path = LocationViewController.m; sourceTree = "<group>"; };
		B70AE6681E2F1EC600554038 /* AppDelegateObjectFile.h */ = {isa = PBXFileReference; fileEncoding = 4; lastKnownFileType = sourcecode.c.h; path = AppDelegateObjectFile.h; sourceTree = "<group>"; };
		B70AE6691E2F1EC600554038 /* AppDelegateObjectFile.m */ = {isa = PBXFileReference; fileEncoding = 4; lastKnownFileType = sourcecode.c.objc; path = AppDelegateObjectFile.m; sourceTree = "<group>"; };
		B70BF22C1E81227D005C5B03 /* MyButton.h */ = {isa = PBXFileReference; fileEncoding = 4; lastKnownFileType = sourcecode.c.h; path = MyButton.h; sourceTree = "<group>"; };
		B70BF22D1E81227D005C5B03 /* MyButton.m */ = {isa = PBXFileReference; fileEncoding = 4; lastKnownFileType = sourcecode.c.objc; path = MyButton.m; sourceTree = "<group>"; };
		B70F93281E4DB51C0064EF29 /* AddressBookUI.framework */ = {isa = PBXFileReference; lastKnownFileType = wrapper.framework; name = AddressBookUI.framework; path = System/Library/Frameworks/AddressBookUI.framework; sourceTree = SDKROOT; };
		B70F932A1E4DB5290064EF29 /* AddressBook.framework */ = {isa = PBXFileReference; lastKnownFileType = wrapper.framework; name = AddressBook.framework; path = System/Library/Frameworks/AddressBook.framework; sourceTree = SDKROOT; };
		B70FC2FF1E6EB6C100292950 /* groupPlaceholderImage.png */ = {isa = PBXFileReference; lastKnownFileType = image.png; path = groupPlaceholderImage.png; sourceTree = "<group>"; };
		B70FC3011E6EB8BE00292950 /* XMPPGroupChatRoom.h */ = {isa = PBXFileReference; fileEncoding = 4; lastKnownFileType = sourcecode.c.h; path = XMPPGroupChatRoom.h; sourceTree = "<group>"; };
		B70FC3021E6EB8BE00292950 /* XMPPGroupChatRoom.m */ = {isa = PBXFileReference; fileEncoding = 4; lastKnownFileType = sourcecode.c.objc; path = XMPPGroupChatRoom.m; sourceTree = "<group>"; };
		B70FC3041E6EB8DD00292950 /* GroupChatViewController.h */ = {isa = PBXFileReference; fileEncoding = 4; lastKnownFileType = sourcecode.c.h; path = GroupChatViewController.h; sourceTree = "<group>"; };
		B70FC3051E6EB8DD00292950 /* GroupChatViewController.m */ = {isa = PBXFileReference; fileEncoding = 4; lastKnownFileType = sourcecode.c.objc; path = GroupChatViewController.m; sourceTree = "<group>"; };
		B70FC3071E6EB8EB00292950 /* GroupInvitationViewController.h */ = {isa = PBXFileReference; fileEncoding = 4; lastKnownFileType = sourcecode.c.h; path = GroupInvitationViewController.h; sourceTree = "<group>"; };
		B70FC3081E6EB8EB00292950 /* GroupInvitationViewController.m */ = {isa = PBXFileReference; fileEncoding = 4; lastKnownFileType = sourcecode.c.objc; path = GroupInvitationViewController.m; sourceTree = "<group>"; };
		B70FC30B1E6EB8FF00292950 /* GroupChatFormViewController.h */ = {isa = PBXFileReference; fileEncoding = 4; lastKnownFileType = sourcecode.c.h; path = GroupChatFormViewController.h; sourceTree = "<group>"; };
		B70FC30C1E6EB8FF00292950 /* GroupChatFormViewController.m */ = {isa = PBXFileReference; fileEncoding = 4; lastKnownFileType = sourcecode.c.objc; path = GroupChatFormViewController.m; sourceTree = "<group>"; };
		B7131E5B1E52DA3A00A435A3 /* ChatScreenTableViewCell.h */ = {isa = PBXFileReference; fileEncoding = 4; lastKnownFileType = sourcecode.c.h; path = ChatScreenTableViewCell.h; sourceTree = "<group>"; };
		B7131E5C1E52DA3A00A435A3 /* ChatScreenTableViewCell.m */ = {isa = PBXFileReference; fileEncoding = 4; lastKnownFileType = sourcecode.c.objc; path = ChatScreenTableViewCell.m; sourceTree = "<group>"; };
		B715A0B71E5E9BE000B36D16 /* SettingViewController.h */ = {isa = PBXFileReference; fileEncoding = 4; lastKnownFileType = sourcecode.c.h; path = SettingViewController.h; sourceTree = "<group>"; };
		B715A0B81E5E9BE000B36D16 /* SettingViewController.m */ = {isa = PBXFileReference; fileEncoding = 4; lastKnownFileType = sourcecode.c.objc; path = SettingViewController.m; sourceTree = "<group>"; };
		B715A0BC1E5E9F7700B36D16 /* SettingTableViewCell.h */ = {isa = PBXFileReference; fileEncoding = 4; lastKnownFileType = sourcecode.c.h; path = SettingTableViewCell.h; sourceTree = "<group>"; };
		B715A0BD1E5E9F7700B36D16 /* SettingTableViewCell.m */ = {isa = PBXFileReference; fileEncoding = 4; lastKnownFileType = sourcecode.c.objc; path = SettingTableViewCell.m; sourceTree = "<group>"; };
		B715A0C11E5EB55300B36D16 /* DocumentAttachmentViewController.h */ = {isa = PBXFileReference; fileEncoding = 4; lastKnownFileType = sourcecode.c.h; path = DocumentAttachmentViewController.h; sourceTree = "<group>"; };
		B715A0C21E5EB55300B36D16 /* DocumentAttachmentViewController.m */ = {isa = PBXFileReference; fileEncoding = 4; lastKnownFileType = sourcecode.c.objc; path = DocumentAttachmentViewController.m; sourceTree = "<group>"; };
		B715A0C71E5EF47E00B36D16 /* pdf_placeholder.png */ = {isa = PBXFileReference; lastKnownFileType = image.png; path = pdf_placeholder.png; sourceTree = "<group>"; };
		B71B73CB1E542BC600D57E7D /* SendImageViewController.h */ = {isa = PBXFileReference; fileEncoding = 4; lastKnownFileType = sourcecode.c.h; path = SendImageViewController.h; sourceTree = "<group>"; };
		B71B73CC1E542BC600D57E7D /* SendImageViewController.m */ = {isa = PBXFileReference; fileEncoding = 4; lastKnownFileType = sourcecode.c.objc; path = SendImageViewController.m; sourceTree = "<group>"; };
		B72D4EEC1E8D36E500D22E67 /* Reachability.h */ = {isa = PBXFileReference; fileEncoding = 4; lastKnownFileType = sourcecode.c.h; path = Reachability.h; sourceTree = "<group>"; };
		B72D4EED1E8D36E500D22E67 /* Reachability.m */ = {isa = PBXFileReference; fileEncoding = 4; lastKnownFileType = sourcecode.c.objc; path = Reachability.m; sourceTree = "<group>"; };
		B72DD0761E5DAC0A0017C488 /* EditUserStatusViewController.h */ = {isa = PBXFileReference; fileEncoding = 4; lastKnownFileType = sourcecode.c.h; path = EditUserStatusViewController.h; sourceTree = "<group>"; };
		B72DD0771E5DAC0A0017C488 /* EditUserStatusViewController.m */ = {isa = PBXFileReference; fileEncoding = 4; lastKnownFileType = sourcecode.c.objc; path = EditUserStatusViewController.m; sourceTree = "<group>"; };
		B738ED411E6FFF99001AC7F5 /* GroupInvideTableViewCell.h */ = {isa = PBXFileReference; fileEncoding = 4; lastKnownFileType = sourcecode.c.h; path = GroupInvideTableViewCell.h; sourceTree = "<group>"; };
		B738ED421E6FFF99001AC7F5 /* GroupInvideTableViewCell.m */ = {isa = PBXFileReference; fileEncoding = 4; lastKnownFileType = sourcecode.c.objc; path = GroupInvideTableViewCell.m; sourceTree = "<group>"; };
		B745F8241E234D54001119BD /* ChatDemoApp.app */ = {isa = PBXFileReference; explicitFileType = wrapper.application; includeInIndex = 0; path = ChatDemoApp.app; sourceTree = BUILT_PRODUCTS_DIR; };
		B745F8281E234D55001119BD /* main.m */ = {isa = PBXFileReference; lastKnownFileType = sourcecode.c.objc; path = main.m; sourceTree = "<group>"; };
		B745F82A1E234D55001119BD /* AppDelegate.h */ = {isa = PBXFileReference; lastKnownFileType = sourcecode.c.h; path = AppDelegate.h; sourceTree = "<group>"; };
		B745F82B1E234D55001119BD /* AppDelegate.m */ = {isa = PBXFileReference; lastKnownFileType = sourcecode.c.objc; path = AppDelegate.m; sourceTree = "<group>"; };
		B745F82D1E234D55001119BD /* ViewController.h */ = {isa = PBXFileReference; lastKnownFileType = sourcecode.c.h; path = ViewController.h; sourceTree = "<group>"; };
		B745F82E1E234D55001119BD /* ViewController.m */ = {isa = PBXFileReference; lastKnownFileType = sourcecode.c.objc; path = ViewController.m; sourceTree = "<group>"; };
		B745F8311E234D55001119BD /* Base */ = {isa = PBXFileReference; lastKnownFileType = file.storyboard; name = Base; path = Base.lproj/Main.storyboard; sourceTree = "<group>"; };
		B745F8331E234D55001119BD /* Assets.xcassets */ = {isa = PBXFileReference; lastKnownFileType = folder.assetcatalog; path = Assets.xcassets; sourceTree = "<group>"; };
		B745F8381E234D55001119BD /* Info.plist */ = {isa = PBXFileReference; lastKnownFileType = text.plist.xml; path = Info.plist; sourceTree = "<group>"; };
		B745F8441E2351F1001119BD /* RegisterViewController.h */ = {isa = PBXFileReference; fileEncoding = 4; lastKnownFileType = sourcecode.c.h; path = RegisterViewController.h; sourceTree = "<group>"; };
		B745F8451E2351F1001119BD /* RegisterViewController.m */ = {isa = PBXFileReference; fileEncoding = 4; lastKnownFileType = sourcecode.c.objc; path = RegisterViewController.m; sourceTree = "<group>"; };
		B745F8471E2351FF001119BD /* DashboardViewController.h */ = {isa = PBXFileReference; fileEncoding = 4; lastKnownFileType = sourcecode.c.h; path = DashboardViewController.h; sourceTree = "<group>"; };
		B745F8481E2351FF001119BD /* DashboardViewController.m */ = {isa = PBXFileReference; fileEncoding = 4; lastKnownFileType = sourcecode.c.objc; path = DashboardViewController.m; sourceTree = "<group>"; };
		B745F8541E2353DD001119BD /* UserDefaultManager.h */ = {isa = PBXFileReference; fileEncoding = 4; lastKnownFileType = sourcecode.c.h; path = UserDefaultManager.h; sourceTree = "<group>"; };
		B745F8551E2353DD001119BD /* UserDefaultManager.m */ = {isa = PBXFileReference; fileEncoding = 4; lastKnownFileType = sourcecode.c.objc; path = UserDefaultManager.m; sourceTree = "<group>"; };
		B745F8581E235435001119BD /* BSKeyboardControls.h */ = {isa = PBXFileReference; fileEncoding = 4; lastKnownFileType = sourcecode.c.h; path = BSKeyboardControls.h; sourceTree = "<group>"; };
		B745F8591E235435001119BD /* BSKeyboardControls.m */ = {isa = PBXFileReference; fileEncoding = 4; lastKnownFileType = sourcecode.c.objc; path = BSKeyboardControls.m; sourceTree = "<group>"; };
		B745F85C1E2354B8001119BD /* UITextField+Validations.h */ = {isa = PBXFileReference; fileEncoding = 4; lastKnownFileType = sourcecode.c.h; path = "UITextField+Validations.h"; sourceTree = "<group>"; };
		B745F85D1E2354B8001119BD /* UITextField+Validations.m */ = {isa = PBXFileReference; fileEncoding = 4; lastKnownFileType = sourcecode.c.objc; path = "UITextField+Validations.m"; sourceTree = "<group>"; };
		B745F8671E23596D001119BD /* HMSegmentedControl.h */ = {isa = PBXFileReference; fileEncoding = 4; lastKnownFileType = sourcecode.c.h; path = HMSegmentedControl.h; sourceTree = "<group>"; };
		B745F8681E23596D001119BD /* HMSegmentedControl.m */ = {isa = PBXFileReference; fileEncoding = 4; lastKnownFileType = sourcecode.c.objc; path = HMSegmentedControl.m; sourceTree = "<group>"; };
		B75126DE1E30745000495348 /* LoginXMPP.h */ = {isa = PBXFileReference; fileEncoding = 4; lastKnownFileType = sourcecode.c.h; path = LoginXMPP.h; sourceTree = "<group>"; };
		B75126DF1E30745000495348 /* LoginXMPP.m */ = {isa = PBXFileReference; fileEncoding = 4; lastKnownFileType = sourcecode.c.objc; path = LoginXMPP.m; sourceTree = "<group>"; };
		B75792561E42E22300AC48D0 /* UserProfileViewController.h */ = {isa = PBXFileReference; fileEncoding = 4; lastKnownFileType = sourcecode.c.h; path = UserProfileViewController.h; sourceTree = "<group>"; };
		B75792571E42E22300AC48D0 /* UserProfileViewController.m */ = {isa = PBXFileReference; fileEncoding = 4; lastKnownFileType = sourcecode.c.objc; path = UserProfileViewController.m; sourceTree = "<group>"; };
		B75792591E42E23800AC48D0 /* XmppProfileView.h */ = {isa = PBXFileReference; fileEncoding = 4; lastKnownFileType = sourcecode.c.h; path = XmppProfileView.h; sourceTree = "<group>"; };
		B757925A1E42E23800AC48D0 /* XmppProfileView.m */ = {isa = PBXFileReference; fileEncoding = 4; lastKnownFileType = sourcecode.c.objc; path = XmppProfileView.m; sourceTree = "<group>"; };
		B757925C1E43289300AC48D0 /* EditProfileViewController.h */ = {isa = PBXFileReference; fileEncoding = 4; lastKnownFileType = sourcecode.c.h; path = EditProfileViewController.h; sourceTree = "<group>"; };
		B757925D1E43289300AC48D0 /* EditProfileViewController.m */ = {isa = PBXFileReference; fileEncoding = 4; lastKnownFileType = sourcecode.c.objc; path = EditProfileViewController.m; sourceTree = "<group>"; };
		B75BC5751E3F60A500E5F780 /* XmppStorageModel.xcdatamodel */ = {isa = PBXFileReference; lastKnownFileType = wrapper.xcdatamodel; path = XmppStorageModel.xcdatamodel; sourceTree = "<group>"; };
		B75BC5771E3F620500E5F780 /* CoreData.framework */ = {isa = PBXFileReference; lastKnownFileType = wrapper.framework; name = CoreData.framework; path = System/Library/Frameworks/CoreData.framework; sourceTree = SDKROOT; };
		B75E7EF41E5BF1E600634A68 /* XmppCoreDataHandler.h */ = {isa = PBXFileReference; fileEncoding = 4; lastKnownFileType = sourcecode.c.h; path = XmppCoreDataHandler.h; sourceTree = "<group>"; };
		B75E7EF51E5BF1E600634A68 /* XmppCoreDataHandler.m */ = {isa = PBXFileReference; fileEncoding = 4; lastKnownFileType = sourcecode.c.objc; path = XmppCoreDataHandler.m; sourceTree = "<group>"; };
		B75E7EF71E5C1CA200634A68 /* UserNotifications.framework */ = {isa = PBXFileReference; lastKnownFileType = wrapper.framework; name = UserNotifications.framework; path = System/Library/Frameworks/UserNotifications.framework; sourceTree = SDKROOT; };
		B76F75E71E40ABD8001FE579 /* DashboardXMPP.h */ = {isa = PBXFileReference; fileEncoding = 4; lastKnownFileType = sourcecode.c.h; path = DashboardXMPP.h; sourceTree = "<group>"; };
		B76F75E81E40ABD8001FE579 /* DashboardXMPP.m */ = {isa = PBXFileReference; fileEncoding = 4; lastKnownFileType = sourcecode.c.objc; path = DashboardXMPP.m; sourceTree = "<group>"; };
		B770B8B31E8E272C0008563A /* Internet.h */ = {isa = PBXFileReference; fileEncoding = 4; lastKnownFileType = sourcecode.c.h; path = Internet.h; sourceTree = "<group>"; };
		B770B8B41E8E272C0008563A /* Internet.m */ = {isa = PBXFileReference; fileEncoding = 4; lastKnownFileType = sourcecode.c.objc; path = Internet.m; sourceTree = "<group>"; };
		B770B8B71E8E2F0A0008563A /* iToast.h */ = {isa = PBXFileReference; fileEncoding = 4; lastKnownFileType = sourcecode.c.h; path = iToast.h; sourceTree = "<group>"; };
		B770B8B81E8E2F0A0008563A /* iToast.m */ = {isa = PBXFileReference; fileEncoding = 4; lastKnownFileType = sourcecode.c.objc; path = iToast.m; sourceTree = "<group>"; };
		B77DB0E61E7FE90F00D0259C /* alreadyAdded.png */ = {isa = PBXFileReference; lastKnownFileType = image.png; path = alreadyAdded.png; sourceTree = "<group>"; };
		B77DFFDD1E4C2E2100921126 /* ChatScreenViewController.h */ = {isa = PBXFileReference; fileEncoding = 4; lastKnownFileType = sourcecode.c.h; path = ChatScreenViewController.h; sourceTree = "<group>"; };
		B77DFFDE1E4C2E2100921126 /* ChatScreenViewController.m */ = {isa = PBXFileReference; fileEncoding = 4; lastKnownFileType = sourcecode.c.objc; path = ChatScreenViewController.m; sourceTree = "<group>"; };
		B77DFFE01E4C2E3100921126 /* XMPPChatView.h */ = {isa = PBXFileReference; fileEncoding = 4; lastKnownFileType = sourcecode.c.h; path = XMPPChatView.h; sourceTree = "<group>"; };
		B77DFFE11E4C2E3100921126 /* XMPPChatView.m */ = {isa = PBXFileReference; fileEncoding = 4; lastKnownFileType = sourcecode.c.objc; path = XMPPChatView.m; sourceTree = "<group>"; };
		B77DFFE61E4C2F3200921126 /* UIPlaceHolderTextView.h */ = {isa = PBXFileReference; fileEncoding = 4; lastKnownFileType = sourcecode.c.h; path = UIPlaceHolderTextView.h; sourceTree = "<group>"; };
		B77DFFE71E4C2F3200921126 /* UIPlaceHolderTextView.m */ = {isa = PBXFileReference; fileEncoding = 4; lastKnownFileType = sourcecode.c.objc; path = UIPlaceHolderTextView.m; sourceTree = "<group>"; };
		B77DFFEA1E4C32B500921126 /* XMPPFileTransfer.h */ = {isa = PBXFileReference; fileEncoding = 4; lastKnownFileType = sourcecode.c.h; path = XMPPFileTransfer.h; sourceTree = "<group>"; };
		B77DFFEB1E4C32B500921126 /* XMPPFileTransfer.m */ = {isa = PBXFileReference; fileEncoding = 4; lastKnownFileType = sourcecode.c.objc; path = XMPPFileTransfer.m; sourceTree = "<group>"; };
		B77DFFED1E4C32C500921126 /* XMPPIncomingFileTransfer.h */ = {isa = PBXFileReference; fileEncoding = 4; lastKnownFileType = sourcecode.c.h; path = XMPPIncomingFileTransfer.h; sourceTree = "<group>"; };
		B77DFFEE1E4C32C500921126 /* XMPPIncomingFileTransfer.m */ = {isa = PBXFileReference; fileEncoding = 4; lastKnownFileType = sourcecode.c.objc; path = XMPPIncomingFileTransfer.m; sourceTree = "<group>"; };
		B77DFFEF1E4C32C500921126 /* XMPPNamespaces.h */ = {isa = PBXFileReference; fileEncoding = 4; lastKnownFileType = sourcecode.c.h; path = XMPPNamespaces.h; sourceTree = "<group>"; };
		B77DFFF01E4C32C500921126 /* XMPPNamespaces.m */ = {isa = PBXFileReference; fileEncoding = 4; lastKnownFileType = sourcecode.c.objc; path = XMPPNamespaces.m; sourceTree = "<group>"; };
		B77DFFF11E4C32C500921126 /* XMPPOutgoingFileTransfer.h */ = {isa = PBXFileReference; fileEncoding = 4; lastKnownFileType = sourcecode.c.h; path = XMPPOutgoingFileTransfer.h; sourceTree = "<group>"; };
		B77DFFF21E4C32C500921126 /* XMPPOutgoingFileTransfer.m */ = {isa = PBXFileReference; fileEncoding = 4; lastKnownFileType = sourcecode.c.objc; path = XMPPOutgoingFileTransfer.m; sourceTree = "<group>"; };
		B77DFFF61E4C433C00921126 /* arrow_down@3x.png */ = {isa = PBXFileReference; lastKnownFileType = image.png; path = "arrow_down@3x.png"; sourceTree = "<group>"; };
		B77DFFF81E4C72D200921126 /* a.pdf */ = {isa = PBXFileReference; lastKnownFileType = image.pdf; path = a.pdf; sourceTree = "<group>"; };
		B77EE6371E4DE73200A38ADD /* CustomFilterViewController.h */ = {isa = PBXFileReference; fileEncoding = 4; lastKnownFileType = sourcecode.c.h; path = CustomFilterViewController.h; sourceTree = "<group>"; };
		B77EE6381E4DE73200A38ADD /* CustomFilterViewController.m */ = {isa = PBXFileReference; fileEncoding = 4; lastKnownFileType = sourcecode.c.objc; path = CustomFilterViewController.m; sourceTree = "<group>"; };
		B780E9F51E2F6E1A00437B4E /* ErrorCode.h */ = {isa = PBXFileReference; fileEncoding = 4; lastKnownFileType = sourcecode.c.h; path = ErrorCode.h; sourceTree = "<group>"; };
		B780E9F61E2F6E1A00437B4E /* ErrorCode.m */ = {isa = PBXFileReference; fileEncoding = 4; lastKnownFileType = sourcecode.c.objc; path = ErrorCode.m; sourceTree = "<group>"; };
		B780E9F81E2F9FC200437B4E /* ReadMe.rtf */ = {isa = PBXFileReference; fileEncoding = 4; lastKnownFileType = text.rtf; path = ReadMe.rtf; sourceTree = "<group>"; };
		B79353D51E28B28800E7EEB8 /* Security.framework */ = {isa = PBXFileReference; lastKnownFileType = wrapper.framework; name = Security.framework; path = System/Library/Frameworks/Security.framework; sourceTree = SDKROOT; };
		B79353D71E28B28E00E7EEB8 /* CFNetwork.framework */ = {isa = PBXFileReference; lastKnownFileType = wrapper.framework; name = CFNetwork.framework; path = System/Library/Frameworks/CFNetwork.framework; sourceTree = SDKROOT; };
		B79353D91E28B29500E7EEB8 /* SystemConfiguration.framework */ = {isa = PBXFileReference; lastKnownFileType = wrapper.framework; name = SystemConfiguration.framework; path = System/Library/Frameworks/SystemConfiguration.framework; sourceTree = SDKROOT; };
		B79CA2571E30B91A007CDB23 /* images.png */ = {isa = PBXFileReference; lastKnownFileType = image.png; path = images.png; sourceTree = "<group>"; };
		B79CA25C1E30BCFC007CDB23 /* XMPPUserDefaultManager.h */ = {isa = PBXFileReference; fileEncoding = 4; lastKnownFileType = sourcecode.c.h; path = XMPPUserDefaultManager.h; sourceTree = "<group>"; };
		B79CA25D1E30BCFC007CDB23 /* XMPPUserDefaultManager.m */ = {isa = PBXFileReference; fileEncoding = 4; lastKnownFileType = sourcecode.c.objc; path = XMPPUserDefaultManager.m; sourceTree = "<group>"; };
		B7A756681E838E38004945F5 /* GroupChatTableViewCell.h */ = {isa = PBXFileReference; fileEncoding = 4; lastKnownFileType = sourcecode.c.h; path = GroupChatTableViewCell.h; sourceTree = "<group>"; };
		B7A756691E838E38004945F5 /* GroupChatTableViewCell.m */ = {isa = PBXFileReference; fileEncoding = 4; lastKnownFileType = sourcecode.c.objc; path = GroupChatTableViewCell.m; sourceTree = "<group>"; };
		B7A7A99E1E2F64060027D2B6 /* RegisterXMPP.h */ = {isa = PBXFileReference; fileEncoding = 4; lastKnownFileType = sourcecode.c.h; path = RegisterXMPP.h; sourceTree = "<group>"; };
		B7A7A99F1E2F64060027D2B6 /* RegisterXMPP.m */ = {isa = PBXFileReference; fileEncoding = 4; lastKnownFileType = sourcecode.c.objc; path = RegisterXMPP.m; sourceTree = "<group>"; };
		B7B9A5631E23A07E00DB4429 /* PrefixHeader.pch */ = {isa = PBXFileReference; lastKnownFileType = sourcecode.c.h; path = PrefixHeader.pch; sourceTree = "<group>"; };
		B7B9A5641E23B17A00DB4429 /* MMMaterialDesignSpinner.h */ = {isa = PBXFileReference; fileEncoding = 4; lastKnownFileType = sourcecode.c.h; path = MMMaterialDesignSpinner.h; sourceTree = "<group>"; };
		B7B9A5651E23B17A00DB4429 /* MMMaterialDesignSpinner.m */ = {isa = PBXFileReference; fileEncoding = 4; lastKnownFileType = sourcecode.c.objc; path = MMMaterialDesignSpinner.m; sourceTree = "<group>"; };
		B7C25C871E63F61100CD7270 /* locationPlaceholder.jpg */ = {isa = PBXFileReference; lastKnownFileType = image.jpeg; path = locationPlaceholder.jpg; sourceTree = "<group>"; };
		B7CC6C511E27B0A000F471B6 /* XMPPFramework.h */ = {isa = PBXFileReference; fileEncoding = 4; lastKnownFileType = sourcecode.c.h; path = XMPPFramework.h; sourceTree = "<group>"; };
		B7E0D99C1E4048C500397393 /* RegistrationProcess.rtf */ = {isa = PBXFileReference; fileEncoding = 4; lastKnownFileType = text.rtf; path = RegistrationProcess.rtf; sourceTree = "<group>"; };
		BE07D7CB35D225B6FB24E1D2 /* libPods-ChatDemoApp.a */ = {isa = PBXFileReference; explicitFileType = archive.ar; includeInIndex = 0; path = "libPods-ChatDemoApp.a"; sourceTree = BUILT_PRODUCTS_DIR; };
		C26AFEFEE9D4453F5BADEC55 /* Pods-ChatDemoApp.debug.xcconfig */ = {isa = PBXFileReference; includeInIndex = 1; lastKnownFileType = text.xcconfig; name = "Pods-ChatDemoApp.debug.xcconfig"; path = "Pods/Target Support Files/Pods-ChatDemoApp/Pods-ChatDemoApp.debug.xcconfig"; sourceTree = "<group>"; };
		CD812D2266E1DC46754E4BD1 /* Pods-ChatDemoApp.release.xcconfig */ = {isa = PBXFileReference; includeInIndex = 1; lastKnownFileType = text.xcconfig; name = "Pods-ChatDemoApp.release.xcconfig"; path = "Pods/Target Support Files/Pods-ChatDemoApp/Pods-ChatDemoApp.release.xcconfig"; sourceTree = "<group>"; };
/* End PBXFileReference section */

/* Begin PBXFrameworksBuildPhase section */
		B745F8211E234D54001119BD /* Frameworks */ = {
			isa = PBXFrameworksBuildPhase;
			buildActionMask = 2147483647;
			files = (
				B75BC5781E3F620500E5F780 /* CoreData.framework in Frameworks */,
				B79353DA1E28B29500E7EEB8 /* SystemConfiguration.framework in Frameworks */,
				B79353D81E28B28E00E7EEB8 /* CFNetwork.framework in Frameworks */,
				B79353D61E28B28800E7EEB8 /* Security.framework in Frameworks */,
				90DC0D66A2ED385893C02E29 /* libPods-ChatDemoApp.a in Frameworks */,
			);
			runOnlyForDeploymentPostprocessing = 0;
		};
/* End PBXFrameworksBuildPhase section */

/* Begin PBXGroup section */
		17B33E1764E99E0E1724F920 /* Pods */ = {
			isa = PBXGroup;
			children = (
				C26AFEFEE9D4453F5BADEC55 /* Pods-ChatDemoApp.debug.xcconfig */,
				CD812D2266E1DC46754E4BD1 /* Pods-ChatDemoApp.release.xcconfig */,
			);
			name = Pods;
			sourceTree = "<group>";
		};
		91178C8E9192B3153C7C164B /* Frameworks */ = {
			isa = PBXGroup;
			children = (
				B75E7EF71E5C1CA200634A68 /* UserNotifications.framework */,
				B70F932A1E4DB5290064EF29 /* AddressBook.framework */,
				B70F93281E4DB51C0064EF29 /* AddressBookUI.framework */,
				B75BC5771E3F620500E5F780 /* CoreData.framework */,
				B79353D91E28B29500E7EEB8 /* SystemConfiguration.framework */,
				B79353D71E28B28E00E7EEB8 /* CFNetwork.framework */,
				B79353D51E28B28800E7EEB8 /* Security.framework */,
				BE07D7CB35D225B6FB24E1D2 /* libPods-ChatDemoApp.a */,
			);
			name = Frameworks;
			sourceTree = "<group>";
		};
		B7005C1C1E5FE609003A56D3 /* LocationAttachment */ = {
			isa = PBXGroup;
			children = (
				B7005C1D1E5FE62E003A56D3 /* LocationViewController.h */,
				B7005C1E1E5FE62E003A56D3 /* LocationViewController.m */,
			);
			name = LocationAttachment;
			sourceTree = "<group>";
		};
		B70BF22F1E812282005C5B03 /* ButtonClass */ = {
			isa = PBXGroup;
			children = (
				B70BF22C1E81227D005C5B03 /* MyButton.h */,
				B70BF22D1E81227D005C5B03 /* MyButton.m */,
			);
			name = ButtonClass;
			sourceTree = "<group>";
		};
		B70FC2D61E6E6AEE00292950 /* GroupChatFormView */ = {
			isa = PBXGroup;
			children = (
				B70FC30B1E6EB8FF00292950 /* GroupChatFormViewController.h */,
				B70FC30C1E6EB8FF00292950 /* GroupChatFormViewController.m */,
			);
			name = GroupChatFormView;
			sourceTree = "<group>";
		};
		B70FC2D71E6E6B0E00292950 /* GroupInvitionView */ = {
			isa = PBXGroup;
			children = (
				B70FC3071E6EB8EB00292950 /* GroupInvitationViewController.h */,
				B70FC3081E6EB8EB00292950 /* GroupInvitationViewController.m */,
				B738ED411E6FFF99001AC7F5 /* GroupInvideTableViewCell.h */,
				B738ED421E6FFF99001AC7F5 /* GroupInvideTableViewCell.m */,
			);
			name = GroupInvitionView;
			sourceTree = "<group>";
		};
		B70FC2D81E6E6BB200292950 /* GroupChatView */ = {
			isa = PBXGroup;
			children = (
				B70FC3041E6EB8DD00292950 /* GroupChatViewController.h */,
				B70FC3051E6EB8DD00292950 /* GroupChatViewController.m */,
				B7A756681E838E38004945F5 /* GroupChatTableViewCell.h */,
				B7A756691E838E38004945F5 /* GroupChatTableViewCell.m */,
			);
			name = GroupChatView;
			sourceTree = "<group>";
		};
		B715A0B51E5E9BA700B36D16 /* SettingView */ = {
			isa = PBXGroup;
			children = (
				B715A0B61E5E9BB200B36D16 /* SettingView */,
			);
			name = SettingView;
			sourceTree = "<group>";
		};
		B715A0B61E5E9BB200B36D16 /* SettingView */ = {
			isa = PBXGroup;
			children = (
				B715A0BB1E5E9F5B00B36D16 /* SettingController */,
				B715A0BA1E5E9F5000B36D16 /* SettingTableCell */,
			);
			name = SettingView;
			sourceTree = "<group>";
		};
		B715A0BA1E5E9F5000B36D16 /* SettingTableCell */ = {
			isa = PBXGroup;
			children = (
				B715A0BC1E5E9F7700B36D16 /* SettingTableViewCell.h */,
				B715A0BD1E5E9F7700B36D16 /* SettingTableViewCell.m */,
			);
			name = SettingTableCell;
			sourceTree = "<group>";
		};
		B715A0BB1E5E9F5B00B36D16 /* SettingController */ = {
			isa = PBXGroup;
			children = (
				B715A0B71E5E9BE000B36D16 /* SettingViewController.h */,
				B715A0B81E5E9BE000B36D16 /* SettingViewController.m */,
			);
			name = SettingController;
			sourceTree = "<group>";
		};
		B715A0BF1E5EB42D00B36D16 /* DocumentAttachment */ = {
			isa = PBXGroup;
			children = (
				B715A0C11E5EB55300B36D16 /* DocumentAttachmentViewController.h */,
				B715A0C21E5EB55300B36D16 /* DocumentAttachmentViewController.m */,
			);
			name = DocumentAttachment;
			sourceTree = "<group>";
		};
		B715A0C01E5EB43C00B36D16 /* ImageAttachment */ = {
			isa = PBXGroup;
			children = (
				B71B73CB1E542BC600D57E7D /* SendImageViewController.h */,
				B71B73CC1E542BC600D57E7D /* SendImageViewController.m */,
			);
			name = ImageAttachment;
			sourceTree = "<group>";
		};
		B72D4EEB1E8D36C300D22E67 /* InternetReachability */ = {
			isa = PBXGroup;
			children = (
				B770B8B31E8E272C0008563A /* Internet.h */,
				B770B8B41E8E272C0008563A /* Internet.m */,
			);
			name = InternetReachability;
			sourceTree = "<group>";
		};
		B72DD0751E5DABF20017C488 /* EditUserStatus */ = {
			isa = PBXGroup;
			children = (
				B72DD0761E5DAC0A0017C488 /* EditUserStatusViewController.h */,
				B72DD0771E5DAC0A0017C488 /* EditUserStatusViewController.m */,
			);
			name = EditUserStatus;
			sourceTree = "<group>";
		};
		B745F81B1E234D54001119BD = {
			isa = PBXGroup;
			children = (
				B745F8261E234D54001119BD /* ChatDemoApp */,
				B745F8251E234D54001119BD /* Products */,
				17B33E1764E99E0E1724F920 /* Pods */,
				91178C8E9192B3153C7C164B /* Frameworks */,
			);
			sourceTree = "<group>";
		};
		B745F8251E234D54001119BD /* Products */ = {
			isa = PBXGroup;
			children = (
				B745F8241E234D54001119BD /* ChatDemoApp.app */,
			);
			name = Products;
			sourceTree = "<group>";
		};
		B745F8261E234D54001119BD /* ChatDemoApp */ = {
			isa = PBXGroup;
			children = (
				B77DFFF81E4C72D200921126 /* a.pdf */,
				B770B8A61E8E19940008563A /* XMPPCustomFiles */,
				B745F83E1E235190001119BD /* AppDelegate */,
				B745F83F1E23519A001119BD /* Views */,
				B745F84D1E23535F001119BD /* HelperClasses */,
				B745F84E1E23536F001119BD /* CategoryClasses */,
				B745F8301E234D55001119BD /* Main.storyboard */,
				B745F8331E234D55001119BD /* Assets.xcassets */,
				B745F8381E234D55001119BD /* Info.plist */,
				B745F8271E234D54001119BD /* Supporting Files */,
			);
			path = ChatDemoApp;
			sourceTree = "<group>";
		};
		B745F8271E234D54001119BD /* Supporting Files */ = {
			isa = PBXGroup;
			children = (
				B77DB0E61E7FE90F00D0259C /* alreadyAdded.png */,
				B70FC2FF1E6EB6C100292950 /* groupPlaceholderImage.png */,
				B7C25C871E63F61100CD7270 /* locationPlaceholder.jpg */,
				B715A0C71E5EF47E00B36D16 /* pdf_placeholder.png */,
				B7E0D99C1E4048C500397393 /* RegistrationProcess.rtf */,
				B77DFFF61E4C433C00921126 /* arrow_down@3x.png */,
				B79CA2571E30B91A007CDB23 /* images.png */,
				B780E9F81E2F9FC200437B4E /* ReadMe.rtf */,
				B745F8281E234D55001119BD /* main.m */,
				B7B9A5631E23A07E00DB4429 /* PrefixHeader.pch */,
			);
			name = "Supporting Files";
			sourceTree = "<group>";
		};
		B745F83E1E235190001119BD /* AppDelegate */ = {
			isa = PBXGroup;
			children = (
				B745F82A1E234D55001119BD /* AppDelegate.h */,
				B745F82B1E234D55001119BD /* AppDelegate.m */,
			);
			name = AppDelegate;
			sourceTree = "<group>";
		};
		B745F83F1E23519A001119BD /* Views */ = {
			isa = PBXGroup;
			children = (
				B745F8401E2351A7001119BD /* LoginView */,
				B745F8411E2351B1001119BD /* RegisterView */,
				B75792551E42E1F000AC48D0 /* UserProfile */,
				B72DD0751E5DABF20017C488 /* EditUserStatus */,
				B745F8421E2351B9001119BD /* DashboardView */,
				B77DFFDC1E4C2DFD00921126 /* ChatScreenView */,
				B745F8431E2351C3001119BD /* GroupConversationView */,
				B715A0B51E5E9BA700B36D16 /* SettingView */,
			);
			name = Views;
			sourceTree = "<group>";
		};
		B745F8401E2351A7001119BD /* LoginView */ = {
			isa = PBXGroup;
			children = (
				B745F82D1E234D55001119BD /* ViewController.h */,
				B745F82E1E234D55001119BD /* ViewController.m */,
			);
			name = LoginView;
			sourceTree = "<group>";
		};
		B745F8411E2351B1001119BD /* RegisterView */ = {
			isa = PBXGroup;
			children = (
				B745F8441E2351F1001119BD /* RegisterViewController.h */,
				B745F8451E2351F1001119BD /* RegisterViewController.m */,
			);
			name = RegisterView;
			sourceTree = "<group>";
		};
		B745F8421E2351B9001119BD /* DashboardView */ = {
			isa = PBXGroup;
			children = (
				B745F8471E2351FF001119BD /* DashboardViewController.h */,
				B745F8481E2351FF001119BD /* DashboardViewController.m */,
			);
			name = DashboardView;
			sourceTree = "<group>";
		};
		B745F8431E2351C3001119BD /* GroupConversationView */ = {
			isa = PBXGroup;
			children = (
				B70FC2D61E6E6AEE00292950 /* GroupChatFormView */,
				B70FC2D71E6E6B0E00292950 /* GroupInvitionView */,
				B70FC2D81E6E6BB200292950 /* GroupChatView */,
			);
			name = GroupConversationView;
			sourceTree = "<group>";
		};
		B745F84D1E23535F001119BD /* HelperClasses */ = {
			isa = PBXGroup;
			children = (
				B770B8AE1E8E1AE20008563A /* ToastFile */,
				B72D4EEB1E8D36C300D22E67 /* InternetReachability */,
				B70BF22F1E812282005C5B03 /* ButtonClass */,
				B745F8661E23595F001119BD /* SegmentControl */,
				B745F8571E235425001119BD /* BSKeyboardControl */,
				B745F8501E2353C1001119BD /* Loader */,
				B745F84F1E2353A8001119BD /* UserDefaultManager */,
			);
			name = HelperClasses;
			sourceTree = "<group>";
		};
		B745F84E1E23536F001119BD /* CategoryClasses */ = {
			isa = PBXGroup;
			children = (
				B745F85B1E2354AB001119BD /* Validations */,
			);
			name = CategoryClasses;
			sourceTree = "<group>";
		};
		B745F84F1E2353A8001119BD /* UserDefaultManager */ = {
			isa = PBXGroup;
			children = (
				B745F8541E2353DD001119BD /* UserDefaultManager.h */,
				B745F8551E2353DD001119BD /* UserDefaultManager.m */,
			);
			name = UserDefaultManager;
			sourceTree = "<group>";
		};
		B745F8501E2353C1001119BD /* Loader */ = {
			isa = PBXGroup;
			children = (
				B7B9A5641E23B17A00DB4429 /* MMMaterialDesignSpinner.h */,
				B7B9A5651E23B17A00DB4429 /* MMMaterialDesignSpinner.m */,
			);
			name = Loader;
			sourceTree = "<group>";
		};
		B745F8571E235425001119BD /* BSKeyboardControl */ = {
			isa = PBXGroup;
			children = (
				B745F8581E235435001119BD /* BSKeyboardControls.h */,
				B745F8591E235435001119BD /* BSKeyboardControls.m */,
			);
			name = BSKeyboardControl;
			sourceTree = "<group>";
		};
		B745F85B1E2354AB001119BD /* Validations */ = {
			isa = PBXGroup;
			children = (
				B745F85C1E2354B8001119BD /* UITextField+Validations.h */,
				B745F85D1E2354B8001119BD /* UITextField+Validations.m */,
				B77DFFE61E4C2F3200921126 /* UIPlaceHolderTextView.h */,
				B77DFFE71E4C2F3200921126 /* UIPlaceHolderTextView.m */,
			);
			name = Validations;
			sourceTree = "<group>";
		};
		B745F8661E23595F001119BD /* SegmentControl */ = {
			isa = PBXGroup;
			children = (
				B745F8671E23596D001119BD /* HMSegmentedControl.h */,
				B745F8681E23596D001119BD /* HMSegmentedControl.m */,
			);
			name = SegmentControl;
			sourceTree = "<group>";
		};
		B75792551E42E1F000AC48D0 /* UserProfile */ = {
			isa = PBXGroup;
			children = (
				B75792561E42E22300AC48D0 /* UserProfileViewController.h */,
				B75792571E42E22300AC48D0 /* UserProfileViewController.m */,
				B757925C1E43289300AC48D0 /* EditProfileViewController.h */,
				B757925D1E43289300AC48D0 /* EditProfileViewController.m */,
			);
			name = UserProfile;
			sourceTree = "<group>";
		};
		B770B8A61E8E19940008563A /* XMPPCustomFiles */ = {
			isa = PBXGroup;
			children = (
				B72D4EEC1E8D36E500D22E67 /* Reachability.h */,
				B72D4EED1E8D36E500D22E67 /* Reachability.m */,
				B770B8B61E8E28020008563A /* AppdelegateXMPP */,
				B770B8AD1E8E1A470008563A /* GroupChatXMPP */,
				B770B8AC1E8E1A350008563A /* UserProfileXMPP */,
				B770B8AB1E8E1A1A0008563A /* OneToOneChatXMPP */,
				B770B8AA1E8E19FD0008563A /* DashboardXMPP */,
				B770B8A91E8E19F00008563A /* RegisterXMPP */,
				B770B8A81E8E19DA0008563A /* LgoinXMPP */,
				B770B8A71E8E19C80008563A /* XMPPUserDefault */,
				B77DFFE91E4C329E00921126 /* FileTransfer */,
				B7CC6C511E27B0A000F471B6 /* XMPPFramework.h */,
			);
			name = XMPPCustomFiles;
			sourceTree = "<group>";
		};
		B770B8A71E8E19C80008563A /* XMPPUserDefault */ = {
			isa = PBXGroup;
			children = (
				B79CA25C1E30BCFC007CDB23 /* XMPPUserDefaultManager.h */,
				B79CA25D1E30BCFC007CDB23 /* XMPPUserDefaultManager.m */,
			);
			name = XMPPUserDefault;
			sourceTree = "<group>";
		};
		B770B8A81E8E19DA0008563A /* LgoinXMPP */ = {
			isa = PBXGroup;
			children = (
				B75126DE1E30745000495348 /* LoginXMPP.h */,
				B75126DF1E30745000495348 /* LoginXMPP.m */,
			);
			name = LgoinXMPP;
			sourceTree = "<group>";
		};
		B770B8A91E8E19F00008563A /* RegisterXMPP */ = {
			isa = PBXGroup;
			children = (
				B7A7A99E1E2F64060027D2B6 /* RegisterXMPP.h */,
				B7A7A99F1E2F64060027D2B6 /* RegisterXMPP.m */,
			);
			name = RegisterXMPP;
			sourceTree = "<group>";
		};
		B770B8AA1E8E19FD0008563A /* DashboardXMPP */ = {
			isa = PBXGroup;
			children = (
				B76F75E71E40ABD8001FE579 /* DashboardXMPP.h */,
				B76F75E81E40ABD8001FE579 /* DashboardXMPP.m */,
			);
			name = DashboardXMPP;
			sourceTree = "<group>";
		};
		B770B8AB1E8E1A1A0008563A /* OneToOneChatXMPP */ = {
			isa = PBXGroup;
			children = (
				B77DFFE01E4C2E3100921126 /* XMPPChatView.h */,
				B77DFFE11E4C2E3100921126 /* XMPPChatView.m */,
			);
			name = OneToOneChatXMPP;
			sourceTree = "<group>";
		};
		B770B8AC1E8E1A350008563A /* UserProfileXMPP */ = {
			isa = PBXGroup;
			children = (
				B75792591E42E23800AC48D0 /* XmppProfileView.h */,
				B757925A1E42E23800AC48D0 /* XmppProfileView.m */,
			);
			name = UserProfileXMPP;
			sourceTree = "<group>";
		};
		B770B8AD1E8E1A470008563A /* GroupChatXMPP */ = {
			isa = PBXGroup;
			children = (
				B70FC3011E6EB8BE00292950 /* XMPPGroupChatRoom.h */,
				B70FC3021E6EB8BE00292950 /* XMPPGroupChatRoom.m */,
			);
			name = GroupChatXMPP;
			sourceTree = "<group>";
		};
		B770B8AE1E8E1AE20008563A /* ToastFile */ = {
			isa = PBXGroup;
			children = (
				B770B8B71E8E2F0A0008563A /* iToast.h */,
				B770B8B81E8E2F0A0008563A /* iToast.m */,
			);
			name = ToastFile;
			sourceTree = "<group>";
		};
		B770B8B61E8E28020008563A /* AppdelegateXMPP */ = {
			isa = PBXGroup;
			children = (
				B70AE6681E2F1EC600554038 /* AppDelegateObjectFile.h */,
				B70AE6691E2F1EC600554038 /* AppDelegateObjectFile.m */,
				B75E7EF41E5BF1E600634A68 /* XmppCoreDataHandler.h */,
				B75E7EF51E5BF1E600634A68 /* XmppCoreDataHandler.m */,
				B780E9F51E2F6E1A00437B4E /* ErrorCode.h */,
				B780E9F61E2F6E1A00437B4E /* ErrorCode.m */,
				B75BC5741E3F60A500E5F780 /* XmppStorageModel.xcdatamodeld */,
			);
			name = AppdelegateXMPP;
			sourceTree = "<group>";
		};
		B77DFFDC1E4C2DFD00921126 /* ChatScreenView */ = {
			isa = PBXGroup;
			children = (
				B7005C1C1E5FE609003A56D3 /* LocationAttachment */,
				B715A0C01E5EB43C00B36D16 /* ImageAttachment */,
				B715A0BF1E5EB42D00B36D16 /* DocumentAttachment */,
				B77EE6361E4DE70900A38ADD /* AddAttacment */,
				B77DFFDD1E4C2E2100921126 /* ChatScreenViewController.h */,
				B77DFFDE1E4C2E2100921126 /* ChatScreenViewController.m */,
				B7131E5B1E52DA3A00A435A3 /* ChatScreenTableViewCell.h */,
				B7131E5C1E52DA3A00A435A3 /* ChatScreenTableViewCell.m */,
			);
			name = ChatScreenView;
			sourceTree = "<group>";
		};
		B77DFFE91E4C329E00921126 /* FileTransfer */ = {
			isa = PBXGroup;
			children = (
				B77DFFED1E4C32C500921126 /* XMPPIncomingFileTransfer.h */,
				B77DFFEE1E4C32C500921126 /* XMPPIncomingFileTransfer.m */,
				B77DFFEF1E4C32C500921126 /* XMPPNamespaces.h */,
				B77DFFF01E4C32C500921126 /* XMPPNamespaces.m */,
				B77DFFF11E4C32C500921126 /* XMPPOutgoingFileTransfer.h */,
				B77DFFF21E4C32C500921126 /* XMPPOutgoingFileTransfer.m */,
				B77DFFEA1E4C32B500921126 /* XMPPFileTransfer.h */,
				B77DFFEB1E4C32B500921126 /* XMPPFileTransfer.m */,
			);
			name = FileTransfer;
			sourceTree = "<group>";
		};
		B77EE6361E4DE70900A38ADD /* AddAttacment */ = {
			isa = PBXGroup;
			children = (
				B77EE6371E4DE73200A38ADD /* CustomFilterViewController.h */,
				B77EE6381E4DE73200A38ADD /* CustomFilterViewController.m */,
			);
			name = AddAttacment;
			sourceTree = "<group>";
		};
/* End PBXGroup section */

/* Begin PBXNativeTarget section */
		B745F8231E234D54001119BD /* ChatDemoApp */ = {
			isa = PBXNativeTarget;
			buildConfigurationList = B745F83B1E234D55001119BD /* Build configuration list for PBXNativeTarget "ChatDemoApp" */;
			buildPhases = (
				AC2AECC22A5811909D2D629B /* Check Pods Manifest.lock */,
				B745F8201E234D54001119BD /* Sources */,
				B745F8211E234D54001119BD /* Frameworks */,
				B745F8221E234D54001119BD /* Resources */,
				E1F60AD4CAAC40B1161EA6D8 /* Embed Pods Frameworks */,
				A0DFD971CED423A703D6F07C /* Copy Pods Resources */,
			);
			buildRules = (
			);
			dependencies = (
			);
			name = ChatDemoApp;
			productName = ChatDemoApp;
			productReference = B745F8241E234D54001119BD /* ChatDemoApp.app */;
			productType = "com.apple.product-type.application";
		};
/* End PBXNativeTarget section */

/* Begin PBXProject section */
		B745F81C1E234D54001119BD /* Project object */ = {
			isa = PBXProject;
			attributes = {
				LastUpgradeCheck = 0810;
				ORGANIZATIONNAME = Ranosys;
				TargetAttributes = {
					B745F8231E234D54001119BD = {
						CreatedOnToolsVersion = 8.1;
						DevelopmentTeam = T7GN63HCDX;
						ProvisioningStyle = Manual;
						SystemCapabilities = {
							com.apple.BackgroundModes = {
								enabled = 1;
							};
						};
					};
				};
			};
			buildConfigurationList = B745F81F1E234D54001119BD /* Build configuration list for PBXProject "ChatDemoApp" */;
			compatibilityVersion = "Xcode 3.2";
			developmentRegion = English;
			hasScannedForEncodings = 0;
			knownRegions = (
				en,
				Base,
			);
			mainGroup = B745F81B1E234D54001119BD;
			productRefGroup = B745F8251E234D54001119BD /* Products */;
			projectDirPath = "";
			projectRoot = "";
			targets = (
				B745F8231E234D54001119BD /* ChatDemoApp */,
			);
		};
/* End PBXProject section */

/* Begin PBXResourcesBuildPhase section */
		B745F8221E234D54001119BD /* Resources */ = {
			isa = PBXResourcesBuildPhase;
			buildActionMask = 2147483647;
			files = (
				B7C25C881E63F61100CD7270 /* locationPlaceholder.jpg in Resources */,
				B77DFFF91E4C72D200921126 /* a.pdf in Resources */,
				B745F8341E234D55001119BD /* Assets.xcassets in Resources */,
				B715A0C81E5EF47E00B36D16 /* pdf_placeholder.png in Resources */,
				B77DFFF71E4C433C00921126 /* arrow_down@3x.png in Resources */,
				B780E9F91E2F9FC200437B4E /* ReadMe.rtf in Resources */,
				B77DB0E71E7FE90F00D0259C /* alreadyAdded.png in Resources */,
				B7E0D99D1E4048C500397393 /* RegistrationProcess.rtf in Resources */,
				B70FC3001E6EB6C100292950 /* groupPlaceholderImage.png in Resources */,
				B745F8321E234D55001119BD /* Main.storyboard in Resources */,
				B79CA2581E30B91A007CDB23 /* images.png in Resources */,
			);
			runOnlyForDeploymentPostprocessing = 0;
		};
/* End PBXResourcesBuildPhase section */

/* Begin PBXShellScriptBuildPhase section */
		A0DFD971CED423A703D6F07C /* Copy Pods Resources */ = {
			isa = PBXShellScriptBuildPhase;
			buildActionMask = 2147483647;
			files = (
			);
			inputPaths = (
			);
			name = "Copy Pods Resources";
			outputPaths = (
			);
			runOnlyForDeploymentPostprocessing = 0;
			shellPath = /bin/sh;
			shellScript = "\"${SRCROOT}/Pods/Target Support Files/Pods-ChatDemoApp/Pods-ChatDemoApp-resources.sh\"\n";
			showEnvVarsInLog = 0;
		};
		AC2AECC22A5811909D2D629B /* Check Pods Manifest.lock */ = {
			isa = PBXShellScriptBuildPhase;
			buildActionMask = 2147483647;
			files = (
			);
			inputPaths = (
			);
			name = "Check Pods Manifest.lock";
			outputPaths = (
			);
			runOnlyForDeploymentPostprocessing = 0;
			shellPath = /bin/sh;
			shellScript = "diff \"${PODS_ROOT}/../Podfile.lock\" \"${PODS_ROOT}/Manifest.lock\" > /dev/null\nif [[ $? != 0 ]] ; then\n    cat << EOM\nerror: The sandbox is not in sync with the Podfile.lock. Run 'pod install' or update your CocoaPods installation.\nEOM\n    exit 1\nfi\n";
			showEnvVarsInLog = 0;
		};
		E1F60AD4CAAC40B1161EA6D8 /* Embed Pods Frameworks */ = {
			isa = PBXShellScriptBuildPhase;
			buildActionMask = 2147483647;
			files = (
			);
			inputPaths = (
			);
			name = "Embed Pods Frameworks";
			outputPaths = (
			);
			runOnlyForDeploymentPostprocessing = 0;
			shellPath = /bin/sh;
			shellScript = "\"${SRCROOT}/Pods/Target Support Files/Pods-ChatDemoApp/Pods-ChatDemoApp-frameworks.sh\"\n";
			showEnvVarsInLog = 0;
		};
/* End PBXShellScriptBuildPhase section */

/* Begin PBXSourcesBuildPhase section */
		B745F8201E234D54001119BD /* Sources */ = {
			isa = PBXSourcesBuildPhase;
			buildActionMask = 2147483647;
			files = (
				B76F75E91E40ABD8001FE579 /* DashboardXMPP.m in Sources */,
				B745F85E1E2354B8001119BD /* UITextField+Validations.m in Sources */,
				B757925E1E43289300AC48D0 /* EditProfileViewController.m in Sources */,
				B780E9F71E2F6E1A00437B4E /* ErrorCode.m in Sources */,
				B70AE66A1E2F1EC600554038 /* AppDelegateObjectFile.m in Sources */,
				B71B73CD1E542BC600D57E7D /* SendImageViewController.m in Sources */,
				B745F8491E2351FF001119BD /* DashboardViewController.m in Sources */,
				B745F82F1E234D55001119BD /* ViewController.m in Sources */,
				B77DFFEC1E4C32B500921126 /* XMPPFileTransfer.m in Sources */,
				B72DD0781E5DAC0A0017C488 /* EditUserStatusViewController.m in Sources */,
				B79CA25E1E30BCFC007CDB23 /* XMPPUserDefaultManager.m in Sources */,
				B77EE6391E4DE73200A38ADD /* CustomFilterViewController.m in Sources */,
				B75792581E42E22300AC48D0 /* UserProfileViewController.m in Sources */,
				B75126E01E30745000495348 /* LoginXMPP.m in Sources */,
				B72D4EEE1E8D36E500D22E67 /* Reachability.m in Sources */,
				B70FC3061E6EB8DD00292950 /* GroupChatViewController.m in Sources */,
				B738ED431E6FFF99001AC7F5 /* GroupInvideTableViewCell.m in Sources */,
				B77DFFF51E4C32C500921126 /* XMPPOutgoingFileTransfer.m in Sources */,
				B745F82C1E234D55001119BD /* AppDelegate.m in Sources */,
				B77DFFDF1E4C2E2100921126 /* ChatScreenViewController.m in Sources */,
				B75BC5761E3F60A500E5F780 /* XmppStorageModel.xcdatamodeld in Sources */,
				B70FC3031E6EB8BE00292950 /* XMPPGroupChatRoom.m in Sources */,
				B715A0B91E5E9BE100B36D16 /* SettingViewController.m in Sources */,
				B7A7566A1E838E38004945F5 /* GroupChatTableViewCell.m in Sources */,
				B715A0BE1E5E9F7700B36D16 /* SettingTableViewCell.m in Sources */,
				B77DFFF41E4C32C500921126 /* XMPPNamespaces.m in Sources */,
				B7005C1F1E5FE62F003A56D3 /* LocationViewController.m in Sources */,
				B7A7A9A01E2F64060027D2B6 /* RegisterXMPP.m in Sources */,
				B77DFFE21E4C2E3100921126 /* XMPPChatView.m in Sources */,
				B770B8B51E8E272C0008563A /* Internet.m in Sources */,
				B77DFFE81E4C2F3200921126 /* UIPlaceHolderTextView.m in Sources */,
				B75E7EF61E5BF1E600634A68 /* XmppCoreDataHandler.m in Sources */,
				B745F85A1E235435001119BD /* BSKeyboardControls.m in Sources */,
				B70FC3091E6EB8EB00292950 /* GroupInvitationViewController.m in Sources */,
				B745F8691E23596D001119BD /* HMSegmentedControl.m in Sources */,
				B770B8B91E8E2F0A0008563A /* iToast.m in Sources */,
				B77DFFF31E4C32C500921126 /* XMPPIncomingFileTransfer.m in Sources */,
				B70FC30D1E6EB8FF00292950 /* GroupChatFormViewController.m in Sources */,
				B7B9A5661E23B17A00DB4429 /* MMMaterialDesignSpinner.m in Sources */,
				B745F8291E234D55001119BD /* main.m in Sources */,
				B757925B1E42E23800AC48D0 /* XmppProfileView.m in Sources */,
				B70BF22E1E81227D005C5B03 /* MyButton.m in Sources */,
				B715A0C31E5EB55300B36D16 /* DocumentAttachmentViewController.m in Sources */,
				B7131E5D1E52DA3A00A435A3 /* ChatScreenTableViewCell.m in Sources */,
				B745F8561E2353DD001119BD /* UserDefaultManager.m in Sources */,
				B745F8461E2351F1001119BD /* RegisterViewController.m in Sources */,
			);
			runOnlyForDeploymentPostprocessing = 0;
		};
/* End PBXSourcesBuildPhase section */

/* Begin PBXVariantGroup section */
		B745F8301E234D55001119BD /* Main.storyboard */ = {
			isa = PBXVariantGroup;
			children = (
				B745F8311E234D55001119BD /* Base */,
			);
			name = Main.storyboard;
			sourceTree = "<group>";
		};
/* End PBXVariantGroup section */

/* Begin XCBuildConfiguration section */
		B745F8391E234D55001119BD /* Debug */ = {
			isa = XCBuildConfiguration;
			buildSettings = {
				ALWAYS_SEARCH_USER_PATHS = NO;
				CLANG_ANALYZER_NONNULL = YES;
				CLANG_CXX_LANGUAGE_STANDARD = "gnu++0x";
				CLANG_CXX_LIBRARY = "libc++";
				CLANG_ENABLE_MODULES = YES;
				CLANG_ENABLE_OBJC_ARC = YES;
				CLANG_WARN_BOOL_CONVERSION = YES;
				CLANG_WARN_CONSTANT_CONVERSION = YES;
				CLANG_WARN_DIRECT_OBJC_ISA_USAGE = YES_ERROR;
				CLANG_WARN_DOCUMENTATION_COMMENTS = YES;
				CLANG_WARN_EMPTY_BODY = YES;
				CLANG_WARN_ENUM_CONVERSION = YES;
				CLANG_WARN_INFINITE_RECURSION = YES;
				CLANG_WARN_INT_CONVERSION = YES;
				CLANG_WARN_OBJC_ROOT_CLASS = YES_ERROR;
				CLANG_WARN_SUSPICIOUS_MOVE = YES;
				CLANG_WARN_SUSPICIOUS_MOVES = YES;
				CLANG_WARN_UNREACHABLE_CODE = YES;
				CLANG_WARN__DUPLICATE_METHOD_MATCH = YES;
				CODE_SIGN_IDENTITY = "iPhone Developer: shiv vaishnav (GZ989JSYX6)";
				"CODE_SIGN_IDENTITY[sdk=iphoneos*]" = "iPhone Developer: shiv vaishnav (GZ989JSYX6)";
				COPY_PHASE_STRIP = NO;
				DEBUG_INFORMATION_FORMAT = dwarf;
				ENABLE_STRICT_OBJC_MSGSEND = YES;
				ENABLE_TESTABILITY = YES;
				GCC_C_LANGUAGE_STANDARD = gnu99;
				GCC_DYNAMIC_NO_PIC = NO;
				GCC_NO_COMMON_BLOCKS = YES;
				GCC_OPTIMIZATION_LEVEL = 0;
				GCC_PREFIX_HEADER = ChatDemoApp/PrefixHeader.pch;
				GCC_PREPROCESSOR_DEFINITIONS = (
					"DEBUG=1",
					"$(inherited)",
				);
				GCC_WARN_64_TO_32_BIT_CONVERSION = YES;
				GCC_WARN_ABOUT_RETURN_TYPE = YES_ERROR;
				GCC_WARN_UNDECLARED_SELECTOR = YES;
				GCC_WARN_UNINITIALIZED_AUTOS = YES_AGGRESSIVE;
				GCC_WARN_UNUSED_FUNCTION = YES;
				GCC_WARN_UNUSED_VARIABLE = YES;
				IPHONEOS_DEPLOYMENT_TARGET = 8.0;
				MTL_ENABLE_DEBUG_INFO = YES;
				ONLY_ACTIVE_ARCH = YES;
				PROVISIONING_PROFILE = "9b632c28-d446-4fef-ba3d-7c5982609414";
				SDKROOT = iphoneos;
			};
			name = Debug;
		};
		B745F83A1E234D55001119BD /* Release */ = {
			isa = XCBuildConfiguration;
			buildSettings = {
				ALWAYS_SEARCH_USER_PATHS = NO;
				CLANG_ANALYZER_NONNULL = YES;
				CLANG_CXX_LANGUAGE_STANDARD = "gnu++0x";
				CLANG_CXX_LIBRARY = "libc++";
				CLANG_ENABLE_MODULES = YES;
				CLANG_ENABLE_OBJC_ARC = YES;
				CLANG_WARN_BOOL_CONVERSION = YES;
				CLANG_WARN_CONSTANT_CONVERSION = YES;
				CLANG_WARN_DIRECT_OBJC_ISA_USAGE = YES_ERROR;
				CLANG_WARN_DOCUMENTATION_COMMENTS = YES;
				CLANG_WARN_EMPTY_BODY = YES;
				CLANG_WARN_ENUM_CONVERSION = YES;
				CLANG_WARN_INFINITE_RECURSION = YES;
				CLANG_WARN_INT_CONVERSION = YES;
				CLANG_WARN_OBJC_ROOT_CLASS = YES_ERROR;
				CLANG_WARN_SUSPICIOUS_MOVE = YES;
				CLANG_WARN_SUSPICIOUS_MOVES = YES;
				CLANG_WARN_UNREACHABLE_CODE = YES;
				CLANG_WARN__DUPLICATE_METHOD_MATCH = YES;
				CODE_SIGN_IDENTITY = "iPhone Developer: shiv vaishnav (GZ989JSYX6)";
				"CODE_SIGN_IDENTITY[sdk=iphoneos*]" = "iPhone Developer: shiv vaishnav (GZ989JSYX6)";
				COPY_PHASE_STRIP = NO;
				DEBUG_INFORMATION_FORMAT = "dwarf-with-dsym";
				ENABLE_NS_ASSERTIONS = NO;
				ENABLE_STRICT_OBJC_MSGSEND = YES;
				GCC_C_LANGUAGE_STANDARD = gnu99;
				GCC_NO_COMMON_BLOCKS = YES;
				GCC_PREFIX_HEADER = ChatDemoApp/PrefixHeader.pch;
				GCC_WARN_64_TO_32_BIT_CONVERSION = YES;
				GCC_WARN_ABOUT_RETURN_TYPE = YES_ERROR;
				GCC_WARN_UNDECLARED_SELECTOR = YES;
				GCC_WARN_UNINITIALIZED_AUTOS = YES_AGGRESSIVE;
				GCC_WARN_UNUSED_FUNCTION = YES;
				GCC_WARN_UNUSED_VARIABLE = YES;
				IPHONEOS_DEPLOYMENT_TARGET = 8.0;
				MTL_ENABLE_DEBUG_INFO = NO;
				PROVISIONING_PROFILE = "9b632c28-d446-4fef-ba3d-7c5982609414";
				SDKROOT = iphoneos;
				VALIDATE_PRODUCT = YES;
			};
			name = Release;
		};
		B745F83C1E234D55001119BD /* Debug */ = {
			isa = XCBuildConfiguration;
			baseConfigurationReference = C26AFEFEE9D4453F5BADEC55 /* Pods-ChatDemoApp.debug.xcconfig */;
			buildSettings = {
				ASSETCATALOG_COMPILER_APPICON_NAME = AppIcon;
				ASSETCATALOG_COMPILER_LAUNCHIMAGE_NAME = LaunchImage;
				CODE_SIGN_IDENTITY = "iPhone Developer: shiv vaishnav (GZ989JSYX6)";
				"CODE_SIGN_IDENTITY[sdk=iphoneos*]" = "iPhone Developer: shiv vaishnav (GZ989JSYX6)";
				DEVELOPMENT_TEAM = T7GN63HCDX;
				GCC_PREFIX_HEADER = ChatDemoApp/PrefixHeader.pch;
				INFOPLIST_FILE = ChatDemoApp/Info.plist;
				IPHONEOS_DEPLOYMENT_TARGET = 8.0;
				LD_RUNPATH_SEARCH_PATHS = "$(inherited) @executable_path/Frameworks";
				PRODUCT_BUNDLE_IDENTIFIER = com.ranosys.chatDemo;
				PRODUCT_NAME = "$(TARGET_NAME)";
				PROVISIONING_PROFILE = "9b632c28-d446-4fef-ba3d-7c5982609414";
				PROVISIONING_PROFILE_SPECIFIER = "Common Ranosys Profile";
				TARGETED_DEVICE_FAMILY = 1;
			};
			name = Debug;
		};
		B745F83D1E234D55001119BD /* Release */ = {
			isa = XCBuildConfiguration;
			baseConfigurationReference = CD812D2266E1DC46754E4BD1 /* Pods-ChatDemoApp.release.xcconfig */;
			buildSettings = {
				ASSETCATALOG_COMPILER_APPICON_NAME = AppIcon;
				ASSETCATALOG_COMPILER_LAUNCHIMAGE_NAME = LaunchImage;
				CODE_SIGN_IDENTITY = "iPhone Developer: shiv vaishnav (GZ989JSYX6)";
				"CODE_SIGN_IDENTITY[sdk=iphoneos*]" = "iPhone Developer: shiv vaishnav (GZ989JSYX6)";
				DEVELOPMENT_TEAM = T7GN63HCDX;
				GCC_PREFIX_HEADER = ChatDemoApp/PrefixHeader.pch;
				INFOPLIST_FILE = ChatDemoApp/Info.plist;
				IPHONEOS_DEPLOYMENT_TARGET = 8.0;
				LD_RUNPATH_SEARCH_PATHS = "$(inherited) @executable_path/Frameworks";
				PRODUCT_BUNDLE_IDENTIFIER = com.ranosys.chatDemo;
				PRODUCT_NAME = "$(TARGET_NAME)";
				PROVISIONING_PROFILE = "9b632c28-d446-4fef-ba3d-7c5982609414";
				PROVISIONING_PROFILE_SPECIFIER = "Common Ranosys Profile";
				TARGETED_DEVICE_FAMILY = 1;
			};
			name = Release;
		};
/* End XCBuildConfiguration section */

/* Begin XCConfigurationList section */
		B745F81F1E234D54001119BD /* Build configuration list for PBXProject "ChatDemoApp" */ = {
			isa = XCConfigurationList;
			buildConfigurations = (
				B745F8391E234D55001119BD /* Debug */,
				B745F83A1E234D55001119BD /* Release */,
			);
			defaultConfigurationIsVisible = 0;
			defaultConfigurationName = Release;
		};
		B745F83B1E234D55001119BD /* Build configuration list for PBXNativeTarget "ChatDemoApp" */ = {
			isa = XCConfigurationList;
			buildConfigurations = (
				B745F83C1E234D55001119BD /* Debug */,
				B745F83D1E234D55001119BD /* Release */,
			);
			defaultConfigurationIsVisible = 0;
			defaultConfigurationName = Release;
		};
/* End XCConfigurationList section */

/* Begin XCVersionGroup section */
		B75BC5741E3F60A500E5F780 /* XmppStorageModel.xcdatamodeld */ = {
			isa = XCVersionGroup;
			children = (
				B75BC5751E3F60A500E5F780 /* XmppStorageModel.xcdatamodel */,
			);
			currentVersion = B75BC5751E3F60A500E5F780 /* XmppStorageModel.xcdatamodel */;
			path = XmppStorageModel.xcdatamodeld;
			sourceTree = "<group>";
			versionGroupType = wrapper.xcdatamodel;
		};
/* End XCVersionGroup section */
	};
	rootObject = B745F81C1E234D54001119BD /* Project object */;
}
