// !$*UTF8*$!
{
	archiveVersion = 1;
	classes = {
	};
	objectVersion = 46;
	objects = {

/* Begin PBXBuildFile section */
		90DC0D66A2ED385893C02E29 /* libPods-ChatDemoApp.a in Frameworks */ = {isa = PBXBuildFile; fileRef = BE07D7CB35D225B6FB24E1D2 /* libPods-ChatDemoApp.a */; };
		B70AE66A1E2F1EC600554038 /* AppDelegateObjectFile.m in Sources */ = {isa = PBXBuildFile; fileRef = B70AE6691E2F1EC600554038 /* AppDelegateObjectFile.m */; };
		B745F8291E234D55001119BD /* main.m in Sources */ = {isa = PBXBuildFile; fileRef = B745F8281E234D55001119BD /* main.m */; };
		B745F82C1E234D55001119BD /* AppDelegate.m in Sources */ = {isa = PBXBuildFile; fileRef = B745F82B1E234D55001119BD /* AppDelegate.m */; };
		B745F82F1E234D55001119BD /* ViewController.m in Sources */ = {isa = PBXBuildFile; fileRef = B745F82E1E234D55001119BD /* ViewController.m */; };
		B745F8321E234D55001119BD /* Main.storyboard in Resources */ = {isa = PBXBuildFile; fileRef = B745F8301E234D55001119BD /* Main.storyboard */; };
		B745F8341E234D55001119BD /* Assets.xcassets in Resources */ = {isa = PBXBuildFile; fileRef = B745F8331E234D55001119BD /* Assets.xcassets */; };
		B745F8461E2351F1001119BD /* RegisterViewController.m in Sources */ = {isa = PBXBuildFile; fileRef = B745F8451E2351F1001119BD /* RegisterViewController.m */; };
		B745F8491E2351FF001119BD /* DashboardViewController.m in Sources */ = {isa = PBXBuildFile; fileRef = B745F8481E2351FF001119BD /* DashboardViewController.m */; };
		B745F84C1E235210001119BD /* GroupConversationViewController.m in Sources */ = {isa = PBXBuildFile; fileRef = B745F84B1E235210001119BD /* GroupConversationViewController.m */; };
		B745F8561E2353DD001119BD /* UserDefaultManager.m in Sources */ = {isa = PBXBuildFile; fileRef = B745F8551E2353DD001119BD /* UserDefaultManager.m */; };
		B745F85A1E235435001119BD /* BSKeyboardControls.m in Sources */ = {isa = PBXBuildFile; fileRef = B745F8591E235435001119BD /* BSKeyboardControls.m */; };
		B745F85E1E2354B8001119BD /* UITextField+Validations.m in Sources */ = {isa = PBXBuildFile; fileRef = B745F85D1E2354B8001119BD /* UITextField+Validations.m */; };
		B745F8691E23596D001119BD /* HMSegmentedControl.m in Sources */ = {isa = PBXBuildFile; fileRef = B745F8681E23596D001119BD /* HMSegmentedControl.m */; };
		B75126E01E30745000495348 /* LoginXMPP.m in Sources */ = {isa = PBXBuildFile; fileRef = B75126DF1E30745000495348 /* LoginXMPP.m */; };
		B75792581E42E22300AC48D0 /* UserProfileViewController.m in Sources */ = {isa = PBXBuildFile; fileRef = B75792571E42E22300AC48D0 /* UserProfileViewController.m */; };
		B757925B1E42E23800AC48D0 /* XmppProfileView.m in Sources */ = {isa = PBXBuildFile; fileRef = B757925A1E42E23800AC48D0 /* XmppProfileView.m */; };
		B75BC5761E3F60A500E5F780 /* XmppStorageModel.xcdatamodeld in Sources */ = {isa = PBXBuildFile; fileRef = B75BC5741E3F60A500E5F780 /* XmppStorageModel.xcdatamodeld */; };
		B75BC5781E3F620500E5F780 /* CoreData.framework in Frameworks */ = {isa = PBXBuildFile; fileRef = B75BC5771E3F620500E5F780 /* CoreData.framework */; };
		B76F75E91E40ABD8001FE579 /* DashboardXMPP.m in Sources */ = {isa = PBXBuildFile; fileRef = B76F75E81E40ABD8001FE579 /* DashboardXMPP.m */; };
		B780E9F71E2F6E1A00437B4E /* ErrorCode.m in Sources */ = {isa = PBXBuildFile; fileRef = B780E9F61E2F6E1A00437B4E /* ErrorCode.m */; };
		B780E9F91E2F9FC200437B4E /* ReadMe.rtf in Resources */ = {isa = PBXBuildFile; fileRef = B780E9F81E2F9FC200437B4E /* ReadMe.rtf */; };
		B79353D61E28B28800E7EEB8 /* Security.framework in Frameworks */ = {isa = PBXBuildFile; fileRef = B79353D51E28B28800E7EEB8 /* Security.framework */; };
		B79353D81E28B28E00E7EEB8 /* CFNetwork.framework in Frameworks */ = {isa = PBXBuildFile; fileRef = B79353D71E28B28E00E7EEB8 /* CFNetwork.framework */; };
		B79353DA1E28B29500E7EEB8 /* SystemConfiguration.framework in Frameworks */ = {isa = PBXBuildFile; fileRef = B79353D91E28B29500E7EEB8 /* SystemConfiguration.framework */; };
		B79CA2581E30B91A007CDB23 /* images.png in Resources */ = {isa = PBXBuildFile; fileRef = B79CA2571E30B91A007CDB23 /* images.png */; };
		B79CA25E1E30BCFC007CDB23 /* XMPPUserDefaultManager.m in Sources */ = {isa = PBXBuildFile; fileRef = B79CA25D1E30BCFC007CDB23 /* XMPPUserDefaultManager.m */; };
		B7A7A9A01E2F64060027D2B6 /* RegisterXMPP.m in Sources */ = {isa = PBXBuildFile; fileRef = B7A7A99F1E2F64060027D2B6 /* RegisterXMPP.m */; };
		B7B9A5661E23B17A00DB4429 /* MMMaterialDesignSpinner.m in Sources */ = {isa = PBXBuildFile; fileRef = B7B9A5651E23B17A00DB4429 /* MMMaterialDesignSpinner.m */; };
		B7E0D99D1E4048C500397393 /* RegistrationProcess.rtf in Resources */ = {isa = PBXBuildFile; fileRef = B7E0D99C1E4048C500397393 /* RegistrationProcess.rtf */; };
/* End PBXBuildFile section */

/* Begin PBXFileReference section */
		B70AE6681E2F1EC600554038 /* AppDelegateObjectFile.h */ = {isa = PBXFileReference; fileEncoding = 4; lastKnownFileType = sourcecode.c.h; path = AppDelegateObjectFile.h; sourceTree = "<group>"; };
		B70AE6691E2F1EC600554038 /* AppDelegateObjectFile.m */ = {isa = PBXFileReference; fileEncoding = 4; lastKnownFileType = sourcecode.c.objc; path = AppDelegateObjectFile.m; sourceTree = "<group>"; };
		B745F8241E234D54001119BD /* ChatDemoApp.app */ = {isa = PBXFileReference; explicitFileType = wrapper.application; includeInIndex = 0; path = ChatDemoApp.app; sourceTree = BUILT_PRODUCTS_DIR; };
		B745F8281E234D55001119BD /* main.m */ = {isa = PBXFileReference; lastKnownFileType = sourcecode.c.objc; path = main.m; sourceTree = "<group>"; };
		B745F82A1E234D55001119BD /* AppDelegate.h */ = {isa = PBXFileReference; lastKnownFileType = sourcecode.c.h; path = AppDelegate.h; sourceTree = "<group>"; };
		B745F82B1E234D55001119BD /* AppDelegate.m */ = {isa = PBXFileReference; lastKnownFileType = sourcecode.c.objc; path = AppDelegate.m; sourceTree = "<group>"; };
		B745F82D1E234D55001119BD /* ViewController.h */ = {isa = PBXFileReference; lastKnownFileType = sourcecode.c.h; path = ViewController.h; sourceTree = "<group>"; };
		B745F82E1E234D55001119BD /* ViewController.m */ = {isa = PBXFileReference; lastKnownFileType = sourcecode.c.objc; path = ViewController.m; sourceTree = "<group>"; };
		B745F8311E234D55001119BD /* Base */ = {isa = PBXFileReference; lastKnownFileType = file.storyboard; name = Base; path = Base.lproj/Main.storyboard; sourceTree = "<group>"; };
		B745F8331E234D55001119BD /* Assets.xcassets */ = {isa = PBXFileReference; lastKnownFileType = folder.assetcatalog; path = Assets.xcassets; sourceTree = "<group>"; };
		B745F8381E234D55001119BD /* Info.plist */ = {isa = PBXFileReference; lastKnownFileType = text.plist.xml; path = Info.plist; sourceTree = "<group>"; };
		B745F8441E2351F1001119BD /* RegisterViewController.h */ = {isa = PBXFileReference; fileEncoding = 4; lastKnownFileType = sourcecode.c.h; path = RegisterViewController.h; sourceTree = "<group>"; };
		B745F8451E2351F1001119BD /* RegisterViewController.m */ = {isa = PBXFileReference; fileEncoding = 4; lastKnownFileType = sourcecode.c.objc; path = RegisterViewController.m; sourceTree = "<group>"; };
		B745F8471E2351FF001119BD /* DashboardViewController.h */ = {isa = PBXFileReference; fileEncoding = 4; lastKnownFileType = sourcecode.c.h; path = DashboardViewController.h; sourceTree = "<group>"; };
		B745F8481E2351FF001119BD /* DashboardViewController.m */ = {isa = PBXFileReference; fileEncoding = 4; lastKnownFileType = sourcecode.c.objc; path = DashboardViewController.m; sourceTree = "<group>"; };
		B745F84A1E235210001119BD /* GroupConversationViewController.h */ = {isa = PBXFileReference; fileEncoding = 4; lastKnownFileType = sourcecode.c.h; path = GroupConversationViewController.h; sourceTree = "<group>"; };
		B745F84B1E235210001119BD /* GroupConversationViewController.m */ = {isa = PBXFileReference; fileEncoding = 4; lastKnownFileType = sourcecode.c.objc; path = GroupConversationViewController.m; sourceTree = "<group>"; };
		B745F8541E2353DD001119BD /* UserDefaultManager.h */ = {isa = PBXFileReference; fileEncoding = 4; lastKnownFileType = sourcecode.c.h; path = UserDefaultManager.h; sourceTree = "<group>"; };
		B745F8551E2353DD001119BD /* UserDefaultManager.m */ = {isa = PBXFileReference; fileEncoding = 4; lastKnownFileType = sourcecode.c.objc; path = UserDefaultManager.m; sourceTree = "<group>"; };
		B745F8581E235435001119BD /* BSKeyboardControls.h */ = {isa = PBXFileReference; fileEncoding = 4; lastKnownFileType = sourcecode.c.h; path = BSKeyboardControls.h; sourceTree = "<group>"; };
		B745F8591E235435001119BD /* BSKeyboardControls.m */ = {isa = PBXFileReference; fileEncoding = 4; lastKnownFileType = sourcecode.c.objc; path = BSKeyboardControls.m; sourceTree = "<group>"; };
		B745F85C1E2354B8001119BD /* UITextField+Validations.h */ = {isa = PBXFileReference; fileEncoding = 4; lastKnownFileType = sourcecode.c.h; path = "UITextField+Validations.h"; sourceTree = "<group>"; };
		B745F85D1E2354B8001119BD /* UITextField+Validations.m */ = {isa = PBXFileReference; fileEncoding = 4; lastKnownFileType = sourcecode.c.objc; path = "UITextField+Validations.m"; sourceTree = "<group>"; };
		B745F8671E23596D001119BD /* HMSegmentedControl.h */ = {isa = PBXFileReference; fileEncoding = 4; lastKnownFileType = sourcecode.c.h; path = HMSegmentedControl.h; sourceTree = "<group>"; };
		B745F8681E23596D001119BD /* HMSegmentedControl.m */ = {isa = PBXFileReference; fileEncoding = 4; lastKnownFileType = sourcecode.c.objc; path = HMSegmentedControl.m; sourceTree = "<group>"; };
		B75126DE1E30745000495348 /* LoginXMPP.h */ = {isa = PBXFileReference; fileEncoding = 4; lastKnownFileType = sourcecode.c.h; path = LoginXMPP.h; sourceTree = "<group>"; };
		B75126DF1E30745000495348 /* LoginXMPP.m */ = {isa = PBXFileReference; fileEncoding = 4; lastKnownFileType = sourcecode.c.objc; path = LoginXMPP.m; sourceTree = "<group>"; };
		B75792561E42E22300AC48D0 /* UserProfileViewController.h */ = {isa = PBXFileReference; fileEncoding = 4; lastKnownFileType = sourcecode.c.h; path = UserProfileViewController.h; sourceTree = "<group>"; };
		B75792571E42E22300AC48D0 /* UserProfileViewController.m */ = {isa = PBXFileReference; fileEncoding = 4; lastKnownFileType = sourcecode.c.objc; path = UserProfileViewController.m; sourceTree = "<group>"; };
		B75792591E42E23800AC48D0 /* XmppProfileView.h */ = {isa = PBXFileReference; fileEncoding = 4; lastKnownFileType = sourcecode.c.h; path = XmppProfileView.h; sourceTree = "<group>"; };
		B757925A1E42E23800AC48D0 /* XmppProfileView.m */ = {isa = PBXFileReference; fileEncoding = 4; lastKnownFileType = sourcecode.c.objc; path = XmppProfileView.m; sourceTree = "<group>"; };
		B75BC5751E3F60A500E5F780 /* XmppStorageModel.xcdatamodel */ = {isa = PBXFileReference; lastKnownFileType = wrapper.xcdatamodel; path = XmppStorageModel.xcdatamodel; sourceTree = "<group>"; };
		B75BC5771E3F620500E5F780 /* CoreData.framework */ = {isa = PBXFileReference; lastKnownFileType = wrapper.framework; name = CoreData.framework; path = System/Library/Frameworks/CoreData.framework; sourceTree = SDKROOT; };
		B76F75E71E40ABD8001FE579 /* DashboardXMPP.h */ = {isa = PBXFileReference; fileEncoding = 4; lastKnownFileType = sourcecode.c.h; path = DashboardXMPP.h; sourceTree = "<group>"; };
		B76F75E81E40ABD8001FE579 /* DashboardXMPP.m */ = {isa = PBXFileReference; fileEncoding = 4; lastKnownFileType = sourcecode.c.objc; path = DashboardXMPP.m; sourceTree = "<group>"; };
		B780E9F51E2F6E1A00437B4E /* ErrorCode.h */ = {isa = PBXFileReference; fileEncoding = 4; lastKnownFileType = sourcecode.c.h; path = ErrorCode.h; sourceTree = "<group>"; };
		B780E9F61E2F6E1A00437B4E /* ErrorCode.m */ = {isa = PBXFileReference; fileEncoding = 4; lastKnownFileType = sourcecode.c.objc; path = ErrorCode.m; sourceTree = "<group>"; };
		B780E9F81E2F9FC200437B4E /* ReadMe.rtf */ = {isa = PBXFileReference; fileEncoding = 4; lastKnownFileType = text.rtf; path = ReadMe.rtf; sourceTree = "<group>"; };
		B79353D51E28B28800E7EEB8 /* Security.framework */ = {isa = PBXFileReference; lastKnownFileType = wrapper.framework; name = Security.framework; path = System/Library/Frameworks/Security.framework; sourceTree = SDKROOT; };
		B79353D71E28B28E00E7EEB8 /* CFNetwork.framework */ = {isa = PBXFileReference; lastKnownFileType = wrapper.framework; name = CFNetwork.framework; path = System/Library/Frameworks/CFNetwork.framework; sourceTree = SDKROOT; };
		B79353D91E28B29500E7EEB8 /* SystemConfiguration.framework */ = {isa = PBXFileReference; lastKnownFileType = wrapper.framework; name = SystemConfiguration.framework; path = System/Library/Frameworks/SystemConfiguration.framework; sourceTree = SDKROOT; };
		B79CA2571E30B91A007CDB23 /* images.png */ = {isa = PBXFileReference; lastKnownFileType = image.png; path = images.png; sourceTree = "<group>"; };
		B79CA25C1E30BCFC007CDB23 /* XMPPUserDefaultManager.h */ = {isa = PBXFileReference; fileEncoding = 4; lastKnownFileType = sourcecode.c.h; path = XMPPUserDefaultManager.h; sourceTree = "<group>"; };
		B79CA25D1E30BCFC007CDB23 /* XMPPUserDefaultManager.m */ = {isa = PBXFileReference; fileEncoding = 4; lastKnownFileType = sourcecode.c.objc; path = XMPPUserDefaultManager.m; sourceTree = "<group>"; };
		B7A7A99E1E2F64060027D2B6 /* RegisterXMPP.h */ = {isa = PBXFileReference; fileEncoding = 4; lastKnownFileType = sourcecode.c.h; path = RegisterXMPP.h; sourceTree = "<group>"; };
		B7A7A99F1E2F64060027D2B6 /* RegisterXMPP.m */ = {isa = PBXFileReference; fileEncoding = 4; lastKnownFileType = sourcecode.c.objc; path = RegisterXMPP.m; sourceTree = "<group>"; };
		B7B9A5631E23A07E00DB4429 /* PrefixHeader.pch */ = {isa = PBXFileReference; lastKnownFileType = sourcecode.c.h; path = PrefixHeader.pch; sourceTree = "<group>"; };
		B7B9A5641E23B17A00DB4429 /* MMMaterialDesignSpinner.h */ = {isa = PBXFileReference; fileEncoding = 4; lastKnownFileType = sourcecode.c.h; path = MMMaterialDesignSpinner.h; sourceTree = "<group>"; };
		B7B9A5651E23B17A00DB4429 /* MMMaterialDesignSpinner.m */ = {isa = PBXFileReference; fileEncoding = 4; lastKnownFileType = sourcecode.c.objc; path = MMMaterialDesignSpinner.m; sourceTree = "<group>"; };
		B7CC6C511E27B0A000F471B6 /* XMPPFramework.h */ = {isa = PBXFileReference; fileEncoding = 4; lastKnownFileType = sourcecode.c.h; path = XMPPFramework.h; sourceTree = "<group>"; };
		B7E0D99C1E4048C500397393 /* RegistrationProcess.rtf */ = {isa = PBXFileReference; fileEncoding = 4; lastKnownFileType = text.rtf; path = RegistrationProcess.rtf; sourceTree = "<group>"; };
		BE07D7CB35D225B6FB24E1D2 /* libPods-ChatDemoApp.a */ = {isa = PBXFileReference; explicitFileType = archive.ar; includeInIndex = 0; path = "libPods-ChatDemoApp.a"; sourceTree = BUILT_PRODUCTS_DIR; };
		C26AFEFEE9D4453F5BADEC55 /* Pods-ChatDemoApp.debug.xcconfig */ = {isa = PBXFileReference; includeInIndex = 1; lastKnownFileType = text.xcconfig; name = "Pods-ChatDemoApp.debug.xcconfig"; path = "Pods/Target Support Files/Pods-ChatDemoApp/Pods-ChatDemoApp.debug.xcconfig"; sourceTree = "<group>"; };
		CD812D2266E1DC46754E4BD1 /* Pods-ChatDemoApp.release.xcconfig */ = {isa = PBXFileReference; includeInIndex = 1; lastKnownFileType = text.xcconfig; name = "Pods-ChatDemoApp.release.xcconfig"; path = "Pods/Target Support Files/Pods-ChatDemoApp/Pods-ChatDemoApp.release.xcconfig"; sourceTree = "<group>"; };
/* End PBXFileReference section */

/* Begin PBXFrameworksBuildPhase section */
		B745F8211E234D54001119BD /* Frameworks */ = {
			isa = PBXFrameworksBuildPhase;
			buildActionMask = 2147483647;
			files = (
				B75BC5781E3F620500E5F780 /* CoreData.framework in Frameworks */,
				B79353DA1E28B29500E7EEB8 /* SystemConfiguration.framework in Frameworks */,
				B79353D81E28B28E00E7EEB8 /* CFNetwork.framework in Frameworks */,
				B79353D61E28B28800E7EEB8 /* Security.framework in Frameworks */,
				90DC0D66A2ED385893C02E29 /* libPods-ChatDemoApp.a in Frameworks */,
			);
			runOnlyForDeploymentPostprocessing = 0;
		};
/* End PBXFrameworksBuildPhase section */

/* Begin PBXGroup section */
		17B33E1764E99E0E1724F920 /* Pods */ = {
			isa = PBXGroup;
			children = (
				C26AFEFEE9D4453F5BADEC55 /* Pods-ChatDemoApp.debug.xcconfig */,
				CD812D2266E1DC46754E4BD1 /* Pods-ChatDemoApp.release.xcconfig */,
			);
			name = Pods;
			sourceTree = "<group>";
		};
		91178C8E9192B3153C7C164B /* Frameworks */ = {
			isa = PBXGroup;
			children = (
				B75BC5771E3F620500E5F780 /* CoreData.framework */,
				B79353D91E28B29500E7EEB8 /* SystemConfiguration.framework */,
				B79353D71E28B28E00E7EEB8 /* CFNetwork.framework */,
				B79353D51E28B28800E7EEB8 /* Security.framework */,
				BE07D7CB35D225B6FB24E1D2 /* libPods-ChatDemoApp.a */,
			);
			name = Frameworks;
			sourceTree = "<group>";
		};
		B745F81B1E234D54001119BD = {
			isa = PBXGroup;
			children = (
				B745F8261E234D54001119BD /* ChatDemoApp */,
				B745F8251E234D54001119BD /* Products */,
				17B33E1764E99E0E1724F920 /* Pods */,
				91178C8E9192B3153C7C164B /* Frameworks */,
			);
			sourceTree = "<group>";
		};
		B745F8251E234D54001119BD /* Products */ = {
			isa = PBXGroup;
			children = (
				B745F8241E234D54001119BD /* ChatDemoApp.app */,
			);
			name = Products;
			sourceTree = "<group>";
		};
		B745F8261E234D54001119BD /* ChatDemoApp */ = {
			isa = PBXGroup;
			children = (
				B745F83E1E235190001119BD /* AppDelegate */,
				B745F83F1E23519A001119BD /* Views */,
				B745F84D1E23535F001119BD /* HelperClasses */,
				B745F84E1E23536F001119BD /* CategoryClasses */,
				B745F8301E234D55001119BD /* Main.storyboard */,
				B745F8331E234D55001119BD /* Assets.xcassets */,
				B745F8381E234D55001119BD /* Info.plist */,
				B745F8271E234D54001119BD /* Supporting Files */,
			);
			path = ChatDemoApp;
			sourceTree = "<group>";
		};
		B745F8271E234D54001119BD /* Supporting Files */ = {
			isa = PBXGroup;
			children = (
				B79CA2571E30B91A007CDB23 /* images.png */,
				B780E9F81E2F9FC200437B4E /* ReadMe.rtf */,
				B745F8281E234D55001119BD /* main.m */,
				B7B9A5631E23A07E00DB4429 /* PrefixHeader.pch */,
			);
			name = "Supporting Files";
			sourceTree = "<group>";
		};
		B745F83E1E235190001119BD /* AppDelegate */ = {
			isa = PBXGroup;
			children = (
				B745F82A1E234D55001119BD /* AppDelegate.h */,
				B745F82B1E234D55001119BD /* AppDelegate.m */,
				B70AE6681E2F1EC600554038 /* AppDelegateObjectFile.h */,
				B70AE6691E2F1EC600554038 /* AppDelegateObjectFile.m */,
				B780E9F51E2F6E1A00437B4E /* ErrorCode.h */,
				B780E9F61E2F6E1A00437B4E /* ErrorCode.m */,
				B75BC5741E3F60A500E5F780 /* XmppStorageModel.xcdatamodeld */,
			);
			name = AppDelegate;
			sourceTree = "<group>";
		};
		B745F83F1E23519A001119BD /* Views */ = {
			isa = PBXGroup;
			children = (
				B745F8401E2351A7001119BD /* LoginView */,
				B745F8411E2351B1001119BD /* RegisterView */,
				B745F8421E2351B9001119BD /* DashboardView */,
				B75792551E42E1F000AC48D0 /* UserProfile */,
				B745F8431E2351C3001119BD /* GroupConversationView */,
			);
			name = Views;
			sourceTree = "<group>";
		};
		B745F8401E2351A7001119BD /* LoginView */ = {
			isa = PBXGroup;
			children = (
				B745F82D1E234D55001119BD /* ViewController.h */,
				B745F82E1E234D55001119BD /* ViewController.m */,
				B75126DE1E30745000495348 /* LoginXMPP.h */,
				B75126DF1E30745000495348 /* LoginXMPP.m */,
				B79CA25C1E30BCFC007CDB23 /* XMPPUserDefaultManager.h */,
				B79CA25D1E30BCFC007CDB23 /* XMPPUserDefaultManager.m */,
			);
			name = LoginView;
			sourceTree = "<group>";
		};
		B745F8411E2351B1001119BD /* RegisterView */ = {
			isa = PBXGroup;
			children = (
				B7E0D99C1E4048C500397393 /* RegistrationProcess.rtf */,
				B745F8441E2351F1001119BD /* RegisterViewController.h */,
				B745F8451E2351F1001119BD /* RegisterViewController.m */,
				B7A7A99E1E2F64060027D2B6 /* RegisterXMPP.h */,
				B7A7A99F1E2F64060027D2B6 /* RegisterXMPP.m */,
			);
			name = RegisterView;
			sourceTree = "<group>";
		};
		B745F8421E2351B9001119BD /* DashboardView */ = {
			isa = PBXGroup;
			children = (
				B745F8471E2351FF001119BD /* DashboardViewController.h */,
				B745F8481E2351FF001119BD /* DashboardViewController.m */,
				B76F75E71E40ABD8001FE579 /* DashboardXMPP.h */,
				B76F75E81E40ABD8001FE579 /* DashboardXMPP.m */,
			);
			name = DashboardView;
			sourceTree = "<group>";
		};
		B745F8431E2351C3001119BD /* GroupConversationView */ = {
			isa = PBXGroup;
			children = (
				B745F84A1E235210001119BD /* GroupConversationViewController.h */,
				B745F84B1E235210001119BD /* GroupConversationViewController.m */,
			);
			name = GroupConversationView;
			sourceTree = "<group>";
		};
		B745F84D1E23535F001119BD /* HelperClasses */ = {
			isa = PBXGroup;
			children = (
				B7CC6C511E27B0A000F471B6 /* XMPPFramework.h */,
				B745F8661E23595F001119BD /* SegmentControl */,
				B745F8571E235425001119BD /* BSKeyboardControl */,
				B745F8501E2353C1001119BD /* Loader */,
				B745F84F1E2353A8001119BD /* UserDefaultManager */,
			);
			name = HelperClasses;
			sourceTree = "<group>";
		};
		B745F84E1E23536F001119BD /* CategoryClasses */ = {
			isa = PBXGroup;
			children = (
				B745F85B1E2354AB001119BD /* Validations */,
			);
			name = CategoryClasses;
			sourceTree = "<group>";
		};
		B745F84F1E2353A8001119BD /* UserDefaultManager */ = {
			isa = PBXGroup;
			children = (
				B745F8541E2353DD001119BD /* UserDefaultManager.h */,
				B745F8551E2353DD001119BD /* UserDefaultManager.m */,
			);
			name = UserDefaultManager;
			sourceTree = "<group>";
		};
		B745F8501E2353C1001119BD /* Loader */ = {
			isa = PBXGroup;
			children = (
				B7B9A5641E23B17A00DB4429 /* MMMaterialDesignSpinner.h */,
				B7B9A5651E23B17A00DB4429 /* MMMaterialDesignSpinner.m */,
			);
			name = Loader;
			sourceTree = "<group>";
		};
		B745F8571E235425001119BD /* BSKeyboardControl */ = {
			isa = PBXGroup;
			children = (
				B745F8581E235435001119BD /* BSKeyboardControls.h */,
				B745F8591E235435001119BD /* BSKeyboardControls.m */,
			);
			name = BSKeyboardControl;
			sourceTree = "<group>";
		};
		B745F85B1E2354AB001119BD /* Validations */ = {
			isa = PBXGroup;
			children = (
				B745F85C1E2354B8001119BD /* UITextField+Validations.h */,
				B745F85D1E2354B8001119BD /* UITextField+Validations.m */,
			);
			name = Validations;
			sourceTree = "<group>";
		};
		B745F8661E23595F001119BD /* SegmentControl */ = {
			isa = PBXGroup;
			children = (
				B745F8671E23596D001119BD /* HMSegmentedControl.h */,
				B745F8681E23596D001119BD /* HMSegmentedControl.m */,
			);
			name = SegmentControl;
			sourceTree = "<group>";
		};
		B75792551E42E1F000AC48D0 /* UserProfile */ = {
			isa = PBXGroup;
			children = (
				B75792561E42E22300AC48D0 /* UserProfileViewController.h */,
				B75792571E42E22300AC48D0 /* UserProfileViewController.m */,
				B75792591E42E23800AC48D0 /* XmppProfileView.h */,
				B757925A1E42E23800AC48D0 /* XmppProfileView.m */,
			);
			name = UserProfile;
			sourceTree = "<group>";
		};
/* End PBXGroup section */

/* Begin PBXNativeTarget section */
		B745F8231E234D54001119BD /* ChatDemoApp */ = {
			isa = PBXNativeTarget;
			buildConfigurationList = B745F83B1E234D55001119BD /* Build configuration list for PBXNativeTarget "ChatDemoApp" */;
			buildPhases = (
				AC2AECC22A5811909D2D629B /* Check Pods Manifest.lock */,
				B745F8201E234D54001119BD /* Sources */,
				B745F8211E234D54001119BD /* Frameworks */,
				B745F8221E234D54001119BD /* Resources */,
				E1F60AD4CAAC40B1161EA6D8 /* Embed Pods Frameworks */,
				A0DFD971CED423A703D6F07C /* Copy Pods Resources */,
			);
			buildRules = (
			);
			dependencies = (
			);
			name = ChatDemoApp;
			productName = ChatDemoApp;
			productReference = B745F8241E234D54001119BD /* ChatDemoApp.app */;
			productType = "com.apple.product-type.application";
		};
/* End PBXNativeTarget section */

/* Begin PBXProject section */
		B745F81C1E234D54001119BD /* Project object */ = {
			isa = PBXProject;
			attributes = {
				LastUpgradeCheck = 0810;
				ORGANIZATIONNAME = Ranosys;
				TargetAttributes = {
					B745F8231E234D54001119BD = {
						CreatedOnToolsVersion = 8.1;
						DevelopmentTeam = M8A7BYS443;
						ProvisioningStyle = Manual;
					};
				};
			};
			buildConfigurationList = B745F81F1E234D54001119BD /* Build configuration list for PBXProject "ChatDemoApp" */;
			compatibilityVersion = "Xcode 3.2";
			developmentRegion = English;
			hasScannedForEncodings = 0;
			knownRegions = (
				en,
				Base,
			);
			mainGroup = B745F81B1E234D54001119BD;
			productRefGroup = B745F8251E234D54001119BD /* Products */;
			projectDirPath = "";
			projectRoot = "";
			targets = (
				B745F8231E234D54001119BD /* ChatDemoApp */,
			);
		};
/* End PBXProject section */

/* Begin PBXResourcesBuildPhase section */
		B745F8221E234D54001119BD /* Resources */ = {
			isa = PBXResourcesBuildPhase;
			buildActionMask = 2147483647;
			files = (
				B745F8341E234D55001119BD /* Assets.xcassets in Resources */,
				B780E9F91E2F9FC200437B4E /* ReadMe.rtf in Resources */,
				B7E0D99D1E4048C500397393 /* RegistrationProcess.rtf in Resources */,
				B745F8321E234D55001119BD /* Main.storyboard in Resources */,
				B79CA2581E30B91A007CDB23 /* images.png in Resources */,
			);
			runOnlyForDeploymentPostprocessing = 0;
		};
/* End PBXResourcesBuildPhase section */

/* Begin PBXShellScriptBuildPhase section */
		A0DFD971CED423A703D6F07C /* Copy Pods Resources */ = {
			isa = PBXShellScriptBuildPhase;
			buildActionMask = 2147483647;
			files = (
			);
			inputPaths = (
			);
			name = "Copy Pods Resources";
			outputPaths = (
			);
			runOnlyForDeploymentPostprocessing = 0;
			shellPath = /bin/sh;
			shellScript = "\"${SRCROOT}/Pods/Target Support Files/Pods-ChatDemoApp/Pods-ChatDemoApp-resources.sh\"\n";
			showEnvVarsInLog = 0;
		};
		AC2AECC22A5811909D2D629B /* Check Pods Manifest.lock */ = {
			isa = PBXShellScriptBuildPhase;
			buildActionMask = 2147483647;
			files = (
			);
			inputPaths = (
			);
			name = "Check Pods Manifest.lock";
			outputPaths = (
			);
			runOnlyForDeploymentPostprocessing = 0;
			shellPath = /bin/sh;
			shellScript = "diff \"${PODS_ROOT}/../Podfile.lock\" \"${PODS_ROOT}/Manifest.lock\" > /dev/null\nif [[ $? != 0 ]] ; then\n    cat << EOM\nerror: The sandbox is not in sync with the Podfile.lock. Run 'pod install' or update your CocoaPods installation.\nEOM\n    exit 1\nfi\n";
			showEnvVarsInLog = 0;
		};
		E1F60AD4CAAC40B1161EA6D8 /* Embed Pods Frameworks */ = {
			isa = PBXShellScriptBuildPhase;
			buildActionMask = 2147483647;
			files = (
			);
			inputPaths = (
			);
			name = "Embed Pods Frameworks";
			outputPaths = (
			);
			runOnlyForDeploymentPostprocessing = 0;
			shellPath = /bin/sh;
			shellScript = "\"${SRCROOT}/Pods/Target Support Files/Pods-ChatDemoApp/Pods-ChatDemoApp-frameworks.sh\"\n";
			showEnvVarsInLog = 0;
		};
/* End PBXShellScriptBuildPhase section */

/* Begin PBXSourcesBuildPhase section */
		B745F8201E234D54001119BD /* Sources */ = {
			isa = PBXSourcesBuildPhase;
			buildActionMask = 2147483647;
			files = (
				B76F75E91E40ABD8001FE579 /* DashboardXMPP.m in Sources */,
				B745F85E1E2354B8001119BD /* UITextField+Validations.m in Sources */,
				B780E9F71E2F6E1A00437B4E /* ErrorCode.m in Sources */,
				B70AE66A1E2F1EC600554038 /* AppDelegateObjectFile.m in Sources */,
				B745F8491E2351FF001119BD /* DashboardViewController.m in Sources */,
				B745F84C1E235210001119BD /* GroupConversationViewController.m in Sources */,
				B745F82F1E234D55001119BD /* ViewController.m in Sources */,
				B79CA25E1E30BCFC007CDB23 /* XMPPUserDefaultManager.m in Sources */,
				B75792581E42E22300AC48D0 /* UserProfileViewController.m in Sources */,
				B75126E01E30745000495348 /* LoginXMPP.m in Sources */,
				B745F82C1E234D55001119BD /* AppDelegate.m in Sources */,
				B75BC5761E3F60A500E5F780 /* XmppStorageModel.xcdatamodeld in Sources */,
				B7A7A9A01E2F64060027D2B6 /* RegisterXMPP.m in Sources */,
				B745F85A1E235435001119BD /* BSKeyboardControls.m in Sources */,
				B745F8691E23596D001119BD /* HMSegmentedControl.m in Sources */,
				B7B9A5661E23B17A00DB4429 /* MMMaterialDesignSpinner.m in Sources */,
				B745F8291E234D55001119BD /* main.m in Sources */,
				B757925B1E42E23800AC48D0 /* XmppProfileView.m in Sources */,
				B745F8561E2353DD001119BD /* UserDefaultManager.m in Sources */,
				B745F8461E2351F1001119BD /* RegisterViewController.m in Sources */,
			);
			runOnlyForDeploymentPostprocessing = 0;
		};
/* End PBXSourcesBuildPhase section */

/* Begin PBXVariantGroup section */
		B745F8301E234D55001119BD /* Main.storyboard */ = {
			isa = PBXVariantGroup;
			children = (
				B745F8311E234D55001119BD /* Base */,
			);
			name = Main.storyboard;
			sourceTree = "<group>";
		};
/* End PBXVariantGroup section */

/* Begin XCBuildConfiguration section */
		B745F8391E234D55001119BD /* Debug */ = {
			isa = XCBuildConfiguration;
			buildSettings = {
				ALWAYS_SEARCH_USER_PATHS = NO;
				CLANG_ANALYZER_NONNULL = YES;
				CLANG_CXX_LANGUAGE_STANDARD = "gnu++0x";
				CLANG_CXX_LIBRARY = "libc++";
				CLANG_ENABLE_MODULES = YES;
				CLANG_ENABLE_OBJC_ARC = YES;
				CLANG_WARN_BOOL_CONVERSION = YES;
				CLANG_WARN_CONSTANT_CONVERSION = YES;
				CLANG_WARN_DIRECT_OBJC_ISA_USAGE = YES_ERROR;
				CLANG_WARN_DOCUMENTATION_COMMENTS = YES;
				CLANG_WARN_EMPTY_BODY = YES;
				CLANG_WARN_ENUM_CONVERSION = YES;
				CLANG_WARN_INFINITE_RECURSION = YES;
				CLANG_WARN_INT_CONVERSION = YES;
				CLANG_WARN_OBJC_ROOT_CLASS = YES_ERROR;
				CLANG_WARN_SUSPICIOUS_MOVE = YES;
				CLANG_WARN_SUSPICIOUS_MOVES = YES;
				CLANG_WARN_UNREACHABLE_CODE = YES;
				CLANG_WARN__DUPLICATE_METHOD_MATCH = YES;
				CODE_SIGN_IDENTITY = "iPhone Distribution: Ranosys Technologies Pte Ltd";
				"CODE_SIGN_IDENTITY[sdk=iphoneos*]" = "iPhone Distribution: Ranosys Technologies Pte Ltd";
				COPY_PHASE_STRIP = NO;
				DEBUG_INFORMATION_FORMAT = dwarf;
				ENABLE_STRICT_OBJC_MSGSEND = YES;
				ENABLE_TESTABILITY = YES;
				GCC_C_LANGUAGE_STANDARD = gnu99;
				GCC_DYNAMIC_NO_PIC = NO;
				GCC_NO_COMMON_BLOCKS = YES;
				GCC_OPTIMIZATION_LEVEL = 0;
				GCC_PREFIX_HEADER = ChatDemoApp/PrefixHeader.pch;
				GCC_PREPROCESSOR_DEFINITIONS = (
					"DEBUG=1",
					"$(inherited)",
				);
				GCC_WARN_64_TO_32_BIT_CONVERSION = YES;
				GCC_WARN_ABOUT_RETURN_TYPE = YES_ERROR;
				GCC_WARN_UNDECLARED_SELECTOR = YES;
				GCC_WARN_UNINITIALIZED_AUTOS = YES_AGGRESSIVE;
				GCC_WARN_UNUSED_FUNCTION = YES;
				GCC_WARN_UNUSED_VARIABLE = YES;
				IPHONEOS_DEPLOYMENT_TARGET = 8.0;
				MTL_ENABLE_DEBUG_INFO = YES;
				ONLY_ACTIVE_ARCH = YES;
				PROVISIONING_PROFILE = "562157da-f45c-43e0-b5b9-591bd5df1653";
				SDKROOT = iphoneos;
			};
			name = Debug;
		};
		B745F83A1E234D55001119BD /* Release */ = {
			isa = XCBuildConfiguration;
			buildSettings = {
				ALWAYS_SEARCH_USER_PATHS = NO;
				CLANG_ANALYZER_NONNULL = YES;
				CLANG_CXX_LANGUAGE_STANDARD = "gnu++0x";
				CLANG_CXX_LIBRARY = "libc++";
				CLANG_ENABLE_MODULES = YES;
				CLANG_ENABLE_OBJC_ARC = YES;
				CLANG_WARN_BOOL_CONVERSION = YES;
				CLANG_WARN_CONSTANT_CONVERSION = YES;
				CLANG_WARN_DIRECT_OBJC_ISA_USAGE = YES_ERROR;
				CLANG_WARN_DOCUMENTATION_COMMENTS = YES;
				CLANG_WARN_EMPTY_BODY = YES;
				CLANG_WARN_ENUM_CONVERSION = YES;
				CLANG_WARN_INFINITE_RECURSION = YES;
				CLANG_WARN_INT_CONVERSION = YES;
				CLANG_WARN_OBJC_ROOT_CLASS = YES_ERROR;
				CLANG_WARN_SUSPICIOUS_MOVE = YES;
				CLANG_WARN_SUSPICIOUS_MOVES = YES;
				CLANG_WARN_UNREACHABLE_CODE = YES;
				CLANG_WARN__DUPLICATE_METHOD_MATCH = YES;
				CODE_SIGN_IDENTITY = "iPhone Distribution: Ranosys Technologies Pte Ltd";
				"CODE_SIGN_IDENTITY[sdk=iphoneos*]" = "iPhone Distribution: Ranosys Technologies Pte Ltd";
				COPY_PHASE_STRIP = NO;
				DEBUG_INFORMATION_FORMAT = "dwarf-with-dsym";
				ENABLE_NS_ASSERTIONS = NO;
				ENABLE_STRICT_OBJC_MSGSEND = YES;
				GCC_C_LANGUAGE_STANDARD = gnu99;
				GCC_NO_COMMON_BLOCKS = YES;
				GCC_PREFIX_HEADER = ChatDemoApp/PrefixHeader.pch;
				GCC_WARN_64_TO_32_BIT_CONVERSION = YES;
				GCC_WARN_ABOUT_RETURN_TYPE = YES_ERROR;
				GCC_WARN_UNDECLARED_SELECTOR = YES;
				GCC_WARN_UNINITIALIZED_AUTOS = YES_AGGRESSIVE;
				GCC_WARN_UNUSED_FUNCTION = YES;
				GCC_WARN_UNUSED_VARIABLE = YES;
				IPHONEOS_DEPLOYMENT_TARGET = 8.0;
				MTL_ENABLE_DEBUG_INFO = NO;
				PROVISIONING_PROFILE = "562157da-f45c-43e0-b5b9-591bd5df1653";
				SDKROOT = iphoneos;
				VALIDATE_PRODUCT = YES;
			};
			name = Release;
		};
		B745F83C1E234D55001119BD /* Debug */ = {
			isa = XCBuildConfiguration;
			baseConfigurationReference = C26AFEFEE9D4453F5BADEC55 /* Pods-ChatDemoApp.debug.xcconfig */;
			buildSettings = {
				ASSETCATALOG_COMPILER_APPICON_NAME = AppIcon;
				ASSETCATALOG_COMPILER_LAUNCHIMAGE_NAME = LaunchImage;
				CODE_SIGN_IDENTITY = "iPhone Distribution: Ranosys Technologies Pte Ltd";
				"CODE_SIGN_IDENTITY[sdk=iphoneos*]" = "iPhone Distribution: Ranosys Technologies Pte Ltd";
				DEVELOPMENT_TEAM = M8A7BYS443;
				GCC_PREFIX_HEADER = ChatDemoApp/PrefixHeader.pch;
				INFOPLIST_FILE = ChatDemoApp/Info.plist;
				IPHONEOS_DEPLOYMENT_TARGET = 8.0;
				LD_RUNPATH_SEARCH_PATHS = "$(inherited) @executable_path/Frameworks";
				PRODUCT_BUNDLE_IDENTIFIER = com.ranosys.dwell;
				PRODUCT_NAME = "$(TARGET_NAME)";
				PROVISIONING_PROFILE = "562157da-f45c-43e0-b5b9-591bd5df1653";
				PROVISIONING_PROFILE_SPECIFIER = DwellProfile_15_09_2016;
				TARGETED_DEVICE_FAMILY = 1;
			};
			name = Debug;
		};
		B745F83D1E234D55001119BD /* Release */ = {
			isa = XCBuildConfiguration;
			baseConfigurationReference = CD812D2266E1DC46754E4BD1 /* Pods-ChatDemoApp.release.xcconfig */;
			buildSettings = {
				ASSETCATALOG_COMPILER_APPICON_NAME = AppIcon;
				ASSETCATALOG_COMPILER_LAUNCHIMAGE_NAME = LaunchImage;
				CODE_SIGN_IDENTITY = "iPhone Distribution: Ranosys Technologies Pte Ltd";
				"CODE_SIGN_IDENTITY[sdk=iphoneos*]" = "iPhone Distribution: Ranosys Technologies Pte Ltd";
				DEVELOPMENT_TEAM = M8A7BYS443;
				GCC_PREFIX_HEADER = ChatDemoApp/PrefixHeader.pch;
				INFOPLIST_FILE = ChatDemoApp/Info.plist;
				IPHONEOS_DEPLOYMENT_TARGET = 8.0;
				LD_RUNPATH_SEARCH_PATHS = "$(inherited) @executable_path/Frameworks";
				PRODUCT_BUNDLE_IDENTIFIER = com.ranosys.dwell;
				PRODUCT_NAME = "$(TARGET_NAME)";
				PROVISIONING_PROFILE = "562157da-f45c-43e0-b5b9-591bd5df1653";
				PROVISIONING_PROFILE_SPECIFIER = DwellProfile_15_09_2016;
				TARGETED_DEVICE_FAMILY = 1;
			};
			name = Release;
		};
/* End XCBuildConfiguration section */

/* Begin XCConfigurationList section */
		B745F81F1E234D54001119BD /* Build configuration list for PBXProject "ChatDemoApp" */ = {
			isa = XCConfigurationList;
			buildConfigurations = (
				B745F8391E234D55001119BD /* Debug */,
				B745F83A1E234D55001119BD /* Release */,
			);
			defaultConfigurationIsVisible = 0;
			defaultConfigurationName = Release;
		};
		B745F83B1E234D55001119BD /* Build configuration list for PBXNativeTarget "ChatDemoApp" */ = {
			isa = XCConfigurationList;
			buildConfigurations = (
				B745F83C1E234D55001119BD /* Debug */,
				B745F83D1E234D55001119BD /* Release */,
			);
			defaultConfigurationIsVisible = 0;
			defaultConfigurationName = Release;
		};
/* End XCConfigurationList section */

/* Begin XCVersionGroup section */
		B75BC5741E3F60A500E5F780 /* XmppStorageModel.xcdatamodeld */ = {
			isa = XCVersionGroup;
			children = (
				B75BC5751E3F60A500E5F780 /* XmppStorageModel.xcdatamodel */,
			);
			currentVersion = B75BC5751E3F60A500E5F780 /* XmppStorageModel.xcdatamodel */;
			path = XmppStorageModel.xcdatamodeld;
			sourceTree = "<group>";
			versionGroupType = wrapper.xcdatamodel;
		};
/* End XCVersionGroup section */
	};
	rootObject = B745F81C1E234D54001119BD /* Project object */;
}
